// !$*UTF8*$!
{
	archiveVersion = 1;
	classes = {
	};
	objectVersion = 46;
	objects = {

/* Begin PBXBuildFile section */
		B78D86521D59D71400E16311 /* Account.m in Sources */ = {isa = PBXBuildFile; fileRef = B78D86511D59D71400E16311 /* Account.m */; };
		B7A64AF11D599DF6000C9C05 /* FavoriteViewController.m in Sources */ = {isa = PBXBuildFile; fileRef = B7A64AF01D599DF6000C9C05 /* FavoriteViewController.m */; };
		B7A64AF41D599E2F000C9C05 /* TimeLineViewController.m in Sources */ = {isa = PBXBuildFile; fileRef = B7A64AF31D599E2F000C9C05 /* TimeLineViewController.m */; };
		B7A64AF81D599EB3000C9C05 /* UserViewController.m in Sources */ = {isa = PBXBuildFile; fileRef = B7A64AF71D599EB3000C9C05 /* UserViewController.m */; };
		B7A64AFB1D599EE7000C9C05 /* MessageViewController.m in Sources */ = {isa = PBXBuildFile; fileRef = B7A64AFA1D599EE7000C9C05 /* MessageViewController.m */; };
		B7ADBBCC1D59A8C1000245BF /* ZQNavigationController.m in Sources */ = {isa = PBXBuildFile; fileRef = B7ADBBCB1D59A8C1000245BF /* ZQNavigationController.m */; };
		B7ADBBD01D59B183000245BF /* TimeLineCell.m in Sources */ = {isa = PBXBuildFile; fileRef = B7ADBBCF1D59B183000245BF /* TimeLineCell.m */; };
		B7ADBBD31D59B5BA000245BF /* WeiboAccessViewController.m in Sources */ = {isa = PBXBuildFile; fileRef = B7ADBBD21D59B5BA000245BF /* WeiboAccessViewController.m */; };
		B7ADBBE21D59C6CE000245BF /* AFHTTPSessionManager.m in Sources */ = {isa = PBXBuildFile; fileRef = B7ADBBD61D59C6CE000245BF /* AFHTTPSessionManager.m */; };
		B7ADBBE31D59C6CE000245BF /* AFNetworkReachabilityManager.m in Sources */ = {isa = PBXBuildFile; fileRef = B7ADBBD91D59C6CE000245BF /* AFNetworkReachabilityManager.m */; };
		B7ADBBE41D59C6CE000245BF /* AFSecurityPolicy.m in Sources */ = {isa = PBXBuildFile; fileRef = B7ADBBDB1D59C6CE000245BF /* AFSecurityPolicy.m */; };
		B7ADBBE51D59C6CE000245BF /* AFURLRequestSerialization.m in Sources */ = {isa = PBXBuildFile; fileRef = B7ADBBDD1D59C6CE000245BF /* AFURLRequestSerialization.m */; };
		B7ADBBE61D59C6CE000245BF /* AFURLResponseSerialization.m in Sources */ = {isa = PBXBuildFile; fileRef = B7ADBBDF1D59C6CE000245BF /* AFURLResponseSerialization.m */; };
		B7ADBBE71D59C6CE000245BF /* AFURLSessionManager.m in Sources */ = {isa = PBXBuildFile; fileRef = B7ADBBE11D59C6CE000245BF /* AFURLSessionManager.m */; };
		B7B86B411D58804200170278 /* Assets.xcassets in Resources */ = {isa = PBXBuildFile; fileRef = B7B86B401D58804200170278 /* Assets.xcassets */; };
		B7B86B4F1D58804200170278 /* TweeboTests.m in Sources */ = {isa = PBXBuildFile; fileRef = B7B86B4E1D58804200170278 /* TweeboTests.m */; };
		B7B86B5A1D58804200170278 /* TweeboUITests.m in Sources */ = {isa = PBXBuildFile; fileRef = B7B86B591D58804200170278 /* TweeboUITests.m */; };
		B7B86B6C1D58817000170278 /* AppDelegate.m in Sources */ = {isa = PBXBuildFile; fileRef = B7B86B691D58817000170278 /* AppDelegate.m */; };
		B7B86B6E1D58817000170278 /* main.m in Sources */ = {isa = PBXBuildFile; fileRef = B7B86B6B1D58817000170278 /* main.m */; };
		B7B86B8C1D5881C400170278 /* MASCompositeConstraint.m in Sources */ = {isa = PBXBuildFile; fileRef = B7B86B731D5881C400170278 /* MASCompositeConstraint.m */; };
		B7B86B8D1D5881C400170278 /* MASConstraint.m in Sources */ = {isa = PBXBuildFile; fileRef = B7B86B761D5881C400170278 /* MASConstraint.m */; };
		B7B86B8E1D5881C400170278 /* MASConstraintMaker.m in Sources */ = {isa = PBXBuildFile; fileRef = B7B86B781D5881C400170278 /* MASConstraintMaker.m */; };
		B7B86B8F1D5881C400170278 /* MASLayoutConstraint.m in Sources */ = {isa = PBXBuildFile; fileRef = B7B86B7A1D5881C400170278 /* MASLayoutConstraint.m */; };
		B7B86B901D5881C400170278 /* MASViewAttribute.m in Sources */ = {isa = PBXBuildFile; fileRef = B7B86B7E1D5881C400170278 /* MASViewAttribute.m */; };
		B7B86B911D5881C400170278 /* MASViewConstraint.m in Sources */ = {isa = PBXBuildFile; fileRef = B7B86B801D5881C400170278 /* MASViewConstraint.m */; };
		B7B86B921D5881C400170278 /* NSArray+MASAdditions.m in Sources */ = {isa = PBXBuildFile; fileRef = B7B86B821D5881C400170278 /* NSArray+MASAdditions.m */; };
		B7B86B931D5881C400170278 /* NSLayoutConstraint+MASDebugAdditions.m in Sources */ = {isa = PBXBuildFile; fileRef = B7B86B851D5881C400170278 /* NSLayoutConstraint+MASDebugAdditions.m */; };
		B7B86B941D5881C400170278 /* View+MASAdditions.m in Sources */ = {isa = PBXBuildFile; fileRef = B7B86B871D5881C400170278 /* View+MASAdditions.m */; };
		B7B86B951D5881C400170278 /* ViewController+MASAdditions.m in Sources */ = {isa = PBXBuildFile; fileRef = B7B86B8A1D5881C400170278 /* ViewController+MASAdditions.m */; };
		B7C0467B1D597B680029D2D6 /* ZQTabBarController.m in Sources */ = {isa = PBXBuildFile; fileRef = B7C0467A1D597B680029D2D6 /* ZQTabBarController.m */; };
		B7C046801D597C240029D2D6 /* User.m in Sources */ = {isa = PBXBuildFile; fileRef = B7C0467F1D597C240029D2D6 /* User.m */; };
		B7EE46211D70779800520FBB /* UIView+Extension.m in Sources */ = {isa = PBXBuildFile; fileRef = B7EE46201D70779800520FBB /* UIView+Extension.m */; };
		B7EE46451D7078D500520FBB /* MKAnnotationView+WebCache.m in Sources */ = {isa = PBXBuildFile; fileRef = B7EE46251D7078D500520FBB /* MKAnnotationView+WebCache.m */; };
		B7EE46461D7078D500520FBB /* NSData+ImageContentType.m in Sources */ = {isa = PBXBuildFile; fileRef = B7EE46271D7078D500520FBB /* NSData+ImageContentType.m */; };
		B7EE46471D7078D500520FBB /* SDImageCache.m in Sources */ = {isa = PBXBuildFile; fileRef = B7EE46291D7078D500520FBB /* SDImageCache.m */; };
		B7EE46481D7078D500520FBB /* SDWebImageCompat.m in Sources */ = {isa = PBXBuildFile; fileRef = B7EE462B1D7078D500520FBB /* SDWebImageCompat.m */; };
		B7EE46491D7078D500520FBB /* SDWebImageDecoder.m in Sources */ = {isa = PBXBuildFile; fileRef = B7EE462D1D7078D500520FBB /* SDWebImageDecoder.m */; };
		B7EE464A1D7078D500520FBB /* SDWebImageDownloader.m in Sources */ = {isa = PBXBuildFile; fileRef = B7EE462F1D7078D500520FBB /* SDWebImageDownloader.m */; };
		B7EE464B1D7078D500520FBB /* SDWebImageDownloaderOperation.m in Sources */ = {isa = PBXBuildFile; fileRef = B7EE46311D7078D500520FBB /* SDWebImageDownloaderOperation.m */; };
		B7EE464C1D7078D500520FBB /* SDWebImageManager.m in Sources */ = {isa = PBXBuildFile; fileRef = B7EE46331D7078D500520FBB /* SDWebImageManager.m */; };
		B7EE464D1D7078D500520FBB /* SDWebImagePrefetcher.m in Sources */ = {isa = PBXBuildFile; fileRef = B7EE46361D7078D500520FBB /* SDWebImagePrefetcher.m */; };
		B7EE464E1D7078D500520FBB /* UIButton+WebCache.m in Sources */ = {isa = PBXBuildFile; fileRef = B7EE46381D7078D500520FBB /* UIButton+WebCache.m */; };
		B7EE464F1D7078D500520FBB /* UIImage+GIF.m in Sources */ = {isa = PBXBuildFile; fileRef = B7EE463A1D7078D500520FBB /* UIImage+GIF.m */; };
		B7EE46501D7078D500520FBB /* UIImage+MultiFormat.m in Sources */ = {isa = PBXBuildFile; fileRef = B7EE463C1D7078D500520FBB /* UIImage+MultiFormat.m */; };
		B7EE46511D7078D500520FBB /* UIImage+WebP.m in Sources */ = {isa = PBXBuildFile; fileRef = B7EE463E1D7078D500520FBB /* UIImage+WebP.m */; };
		B7EE46521D7078D500520FBB /* UIImageView+HighlightedWebCache.m in Sources */ = {isa = PBXBuildFile; fileRef = B7EE46401D7078D500520FBB /* UIImageView+HighlightedWebCache.m */; };
		B7EE46531D7078D500520FBB /* UIImageView+WebCache.m in Sources */ = {isa = PBXBuildFile; fileRef = B7EE46421D7078D500520FBB /* UIImageView+WebCache.m */; };
		B7EE46541D7078D500520FBB /* UIView+WebCacheOperation.m in Sources */ = {isa = PBXBuildFile; fileRef = B7EE46441D7078D500520FBB /* UIView+WebCacheOperation.m */; };
		B7EE46571D707FF800520FBB /* Tweet.m in Sources */ = {isa = PBXBuildFile; fileRef = B7EE46561D707FF800520FBB /* Tweet.m */; };
		B7EE465A1D7080FC00520FBB /* Photo.m in Sources */ = {isa = PBXBuildFile; fileRef = B7EE46591D7080FC00520FBB /* Photo.m */; };
		B7EE465D1D7092F600520FBB /* TweetComposeController.m in Sources */ = {isa = PBXBuildFile; fileRef = B7EE465C1D7092F600520FBB /* TweetComposeController.m */; };
/* End PBXBuildFile section */

/* Begin PBXContainerItemProxy section */
		B7B86B4B1D58804200170278 /* PBXContainerItemProxy */ = {
			isa = PBXContainerItemProxy;
			containerPortal = B7B86B2F1D58804200170278 /* Project object */;
			proxyType = 1;
			remoteGlobalIDString = B7B86B361D58804200170278;
			remoteInfo = Tweebo;
		};
		B7B86B561D58804200170278 /* PBXContainerItemProxy */ = {
			isa = PBXContainerItemProxy;
			containerPortal = B7B86B2F1D58804200170278 /* Project object */;
			proxyType = 1;
			remoteGlobalIDString = B7B86B361D58804200170278;
			remoteInfo = Tweebo;
		};
/* End PBXContainerItemProxy section */

/* Begin PBXFileReference section */
		B78D86501D59D71400E16311 /* Account.h */ = {isa = PBXFileReference; fileEncoding = 4; lastKnownFileType = sourcecode.c.h; name = Account.h; path = Main/Other/TabBar/Account.h; sourceTree = "<group>"; };
		B78D86511D59D71400E16311 /* Account.m */ = {isa = PBXFileReference; fileEncoding = 4; lastKnownFileType = sourcecode.c.objc; name = Account.m; path = Main/Other/TabBar/Account.m; sourceTree = "<group>"; };
		B7A64AEF1D599DF6000C9C05 /* FavoriteViewController.h */ = {isa = PBXFileReference; fileEncoding = 4; lastKnownFileType = sourcecode.c.h; name = FavoriteViewController.h; path = Main/Favorite/Controller/FavoriteViewController.h; sourceTree = "<group>"; };
		B7A64AF01D599DF6000C9C05 /* FavoriteViewController.m */ = {isa = PBXFileReference; fileEncoding = 4; lastKnownFileType = sourcecode.c.objc; name = FavoriteViewController.m; path = Main/Favorite/Controller/FavoriteViewController.m; sourceTree = "<group>"; };
		B7A64AF21D599E2F000C9C05 /* TimeLineViewController.h */ = {isa = PBXFileReference; fileEncoding = 4; lastKnownFileType = sourcecode.c.h; name = TimeLineViewController.h; path = Main/TimeLine/Controller/TimeLineViewController.h; sourceTree = "<group>"; };
		B7A64AF31D599E2F000C9C05 /* TimeLineViewController.m */ = {isa = PBXFileReference; fileEncoding = 4; lastKnownFileType = sourcecode.c.objc; name = TimeLineViewController.m; path = Main/TimeLine/Controller/TimeLineViewController.m; sourceTree = "<group>"; };
		B7A64AF61D599EB3000C9C05 /* UserViewController.h */ = {isa = PBXFileReference; fileEncoding = 4; lastKnownFileType = sourcecode.c.h; name = UserViewController.h; path = Main/Me/Controller/UserViewController.h; sourceTree = "<group>"; };
		B7A64AF71D599EB3000C9C05 /* UserViewController.m */ = {isa = PBXFileReference; fileEncoding = 4; lastKnownFileType = sourcecode.c.objc; name = UserViewController.m; path = Main/Me/Controller/UserViewController.m; sourceTree = "<group>"; };
		B7A64AF91D599EE7000C9C05 /* MessageViewController.h */ = {isa = PBXFileReference; fileEncoding = 4; lastKnownFileType = sourcecode.c.h; name = MessageViewController.h; path = Main/Message/Controller/MessageViewController.h; sourceTree = "<group>"; };
		B7A64AFA1D599EE7000C9C05 /* MessageViewController.m */ = {isa = PBXFileReference; fileEncoding = 4; lastKnownFileType = sourcecode.c.objc; name = MessageViewController.m; path = Main/Message/Controller/MessageViewController.m; sourceTree = "<group>"; };
		B7ADBBCA1D59A8C1000245BF /* ZQNavigationController.h */ = {isa = PBXFileReference; fileEncoding = 4; lastKnownFileType = sourcecode.c.h; name = ZQNavigationController.h; path = Main/Other/Navigation/ZQNavigationController.h; sourceTree = "<group>"; };
		B7ADBBCB1D59A8C1000245BF /* ZQNavigationController.m */ = {isa = PBXFileReference; fileEncoding = 4; lastKnownFileType = sourcecode.c.objc; name = ZQNavigationController.m; path = Main/Other/Navigation/ZQNavigationController.m; sourceTree = "<group>"; };
		B7ADBBCE1D59B183000245BF /* TimeLineCell.h */ = {isa = PBXFileReference; fileEncoding = 4; lastKnownFileType = sourcecode.c.h; name = TimeLineCell.h; path = Main/TimeLine/View/TimeLineCell.h; sourceTree = "<group>"; };
		B7ADBBCF1D59B183000245BF /* TimeLineCell.m */ = {isa = PBXFileReference; fileEncoding = 4; lastKnownFileType = sourcecode.c.objc; name = TimeLineCell.m; path = Main/TimeLine/View/TimeLineCell.m; sourceTree = "<group>"; };
		B7ADBBD11D59B5BA000245BF /* WeiboAccessViewController.h */ = {isa = PBXFileReference; fileEncoding = 4; lastKnownFileType = sourcecode.c.h; name = WeiboAccessViewController.h; path = Main/Other/OAuth/WeiboAccessViewController.h; sourceTree = "<group>"; };
		B7ADBBD21D59B5BA000245BF /* WeiboAccessViewController.m */ = {isa = PBXFileReference; fileEncoding = 4; lastKnownFileType = sourcecode.c.objc; name = WeiboAccessViewController.m; path = Main/Other/OAuth/WeiboAccessViewController.m; sourceTree = "<group>"; };
		B7ADBBD51D59C6CE000245BF /* AFHTTPSessionManager.h */ = {isa = PBXFileReference; fileEncoding = 4; lastKnownFileType = sourcecode.c.h; path = AFHTTPSessionManager.h; sourceTree = "<group>"; };
		B7ADBBD61D59C6CE000245BF /* AFHTTPSessionManager.m */ = {isa = PBXFileReference; fileEncoding = 4; lastKnownFileType = sourcecode.c.objc; path = AFHTTPSessionManager.m; sourceTree = "<group>"; };
		B7ADBBD71D59C6CE000245BF /* AFNetworking.h */ = {isa = PBXFileReference; fileEncoding = 4; lastKnownFileType = sourcecode.c.h; path = AFNetworking.h; sourceTree = "<group>"; };
		B7ADBBD81D59C6CE000245BF /* AFNetworkReachabilityManager.h */ = {isa = PBXFileReference; fileEncoding = 4; lastKnownFileType = sourcecode.c.h; path = AFNetworkReachabilityManager.h; sourceTree = "<group>"; };
		B7ADBBD91D59C6CE000245BF /* AFNetworkReachabilityManager.m */ = {isa = PBXFileReference; fileEncoding = 4; lastKnownFileType = sourcecode.c.objc; path = AFNetworkReachabilityManager.m; sourceTree = "<group>"; };
		B7ADBBDA1D59C6CE000245BF /* AFSecurityPolicy.h */ = {isa = PBXFileReference; fileEncoding = 4; lastKnownFileType = sourcecode.c.h; path = AFSecurityPolicy.h; sourceTree = "<group>"; };
		B7ADBBDB1D59C6CE000245BF /* AFSecurityPolicy.m */ = {isa = PBXFileReference; fileEncoding = 4; lastKnownFileType = sourcecode.c.objc; path = AFSecurityPolicy.m; sourceTree = "<group>"; };
		B7ADBBDC1D59C6CE000245BF /* AFURLRequestSerialization.h */ = {isa = PBXFileReference; fileEncoding = 4; lastKnownFileType = sourcecode.c.h; path = AFURLRequestSerialization.h; sourceTree = "<group>"; };
		B7ADBBDD1D59C6CE000245BF /* AFURLRequestSerialization.m */ = {isa = PBXFileReference; fileEncoding = 4; lastKnownFileType = sourcecode.c.objc; path = AFURLRequestSerialization.m; sourceTree = "<group>"; };
		B7ADBBDE1D59C6CE000245BF /* AFURLResponseSerialization.h */ = {isa = PBXFileReference; fileEncoding = 4; lastKnownFileType = sourcecode.c.h; path = AFURLResponseSerialization.h; sourceTree = "<group>"; };
		B7ADBBDF1D59C6CE000245BF /* AFURLResponseSerialization.m */ = {isa = PBXFileReference; fileEncoding = 4; lastKnownFileType = sourcecode.c.objc; path = AFURLResponseSerialization.m; sourceTree = "<group>"; };
		B7ADBBE01D59C6CE000245BF /* AFURLSessionManager.h */ = {isa = PBXFileReference; fileEncoding = 4; lastKnownFileType = sourcecode.c.h; path = AFURLSessionManager.h; sourceTree = "<group>"; };
		B7ADBBE11D59C6CE000245BF /* AFURLSessionManager.m */ = {isa = PBXFileReference; fileEncoding = 4; lastKnownFileType = sourcecode.c.objc; path = AFURLSessionManager.m; sourceTree = "<group>"; };
		B7ADBBED1D59D233000245BF /* Info.plist */ = {isa = PBXFileReference; fileEncoding = 4; lastKnownFileType = text.plist.xml; path = Info.plist; sourceTree = "<group>"; };
		B7B86B371D58804200170278 /* Tweebo.app */ = {isa = PBXFileReference; explicitFileType = wrapper.application; includeInIndex = 0; path = Tweebo.app; sourceTree = BUILT_PRODUCTS_DIR; };
		B7B86B401D58804200170278 /* Assets.xcassets */ = {isa = PBXFileReference; lastKnownFileType = folder.assetcatalog; path = Assets.xcassets; sourceTree = "<group>"; };
		B7B86B4A1D58804200170278 /* TweeboTests.xctest */ = {isa = PBXFileReference; explicitFileType = wrapper.cfbundle; includeInIndex = 0; path = TweeboTests.xctest; sourceTree = BUILT_PRODUCTS_DIR; };
		B7B86B4E1D58804200170278 /* TweeboTests.m */ = {isa = PBXFileReference; lastKnownFileType = sourcecode.c.objc; path = TweeboTests.m; sourceTree = "<group>"; };
		B7B86B501D58804200170278 /* Info.plist */ = {isa = PBXFileReference; lastKnownFileType = text.plist.xml; path = Info.plist; sourceTree = "<group>"; };
		B7B86B551D58804200170278 /* TweeboUITests.xctest */ = {isa = PBXFileReference; explicitFileType = wrapper.cfbundle; includeInIndex = 0; path = TweeboUITests.xctest; sourceTree = BUILT_PRODUCTS_DIR; };
		B7B86B591D58804200170278 /* TweeboUITests.m */ = {isa = PBXFileReference; lastKnownFileType = sourcecode.c.objc; path = TweeboUITests.m; sourceTree = "<group>"; };
		B7B86B5B1D58804200170278 /* Info.plist */ = {isa = PBXFileReference; lastKnownFileType = text.plist.xml; path = Info.plist; sourceTree = "<group>"; };
		B7B86B681D58817000170278 /* AppDelegate.h */ = {isa = PBXFileReference; fileEncoding = 4; lastKnownFileType = sourcecode.c.h; path = AppDelegate.h; sourceTree = "<group>"; };
		B7B86B691D58817000170278 /* AppDelegate.m */ = {isa = PBXFileReference; fileEncoding = 4; lastKnownFileType = sourcecode.c.objc; path = AppDelegate.m; sourceTree = "<group>"; };
		B7B86B6B1D58817000170278 /* main.m */ = {isa = PBXFileReference; fileEncoding = 4; lastKnownFileType = sourcecode.c.objc; path = main.m; sourceTree = "<group>"; };
		B7B86B711D5881C400170278 /* Info.plist */ = {isa = PBXFileReference; fileEncoding = 4; lastKnownFileType = text.plist.xml; path = Info.plist; sourceTree = "<group>"; };
		B7B86B721D5881C400170278 /* MASCompositeConstraint.h */ = {isa = PBXFileReference; fileEncoding = 4; lastKnownFileType = sourcecode.c.h; path = MASCompositeConstraint.h; sourceTree = "<group>"; };
		B7B86B731D5881C400170278 /* MASCompositeConstraint.m */ = {isa = PBXFileReference; fileEncoding = 4; lastKnownFileType = sourcecode.c.objc; path = MASCompositeConstraint.m; sourceTree = "<group>"; };
		B7B86B741D5881C400170278 /* MASConstraint+Private.h */ = {isa = PBXFileReference; fileEncoding = 4; lastKnownFileType = sourcecode.c.h; path = "MASConstraint+Private.h"; sourceTree = "<group>"; };
		B7B86B751D5881C400170278 /* MASConstraint.h */ = {isa = PBXFileReference; fileEncoding = 4; lastKnownFileType = sourcecode.c.h; path = MASConstraint.h; sourceTree = "<group>"; };
		B7B86B761D5881C400170278 /* MASConstraint.m */ = {isa = PBXFileReference; fileEncoding = 4; lastKnownFileType = sourcecode.c.objc; path = MASConstraint.m; sourceTree = "<group>"; };
		B7B86B771D5881C400170278 /* MASConstraintMaker.h */ = {isa = PBXFileReference; fileEncoding = 4; lastKnownFileType = sourcecode.c.h; path = MASConstraintMaker.h; sourceTree = "<group>"; };
		B7B86B781D5881C400170278 /* MASConstraintMaker.m */ = {isa = PBXFileReference; fileEncoding = 4; lastKnownFileType = sourcecode.c.objc; path = MASConstraintMaker.m; sourceTree = "<group>"; };
		B7B86B791D5881C400170278 /* MASLayoutConstraint.h */ = {isa = PBXFileReference; fileEncoding = 4; lastKnownFileType = sourcecode.c.h; path = MASLayoutConstraint.h; sourceTree = "<group>"; };
		B7B86B7A1D5881C400170278 /* MASLayoutConstraint.m */ = {isa = PBXFileReference; fileEncoding = 4; lastKnownFileType = sourcecode.c.objc; path = MASLayoutConstraint.m; sourceTree = "<group>"; };
		B7B86B7B1D5881C400170278 /* Masonry.h */ = {isa = PBXFileReference; fileEncoding = 4; lastKnownFileType = sourcecode.c.h; path = Masonry.h; sourceTree = "<group>"; };
		B7B86B7C1D5881C400170278 /* MASUtilities.h */ = {isa = PBXFileReference; fileEncoding = 4; lastKnownFileType = sourcecode.c.h; path = MASUtilities.h; sourceTree = "<group>"; };
		B7B86B7D1D5881C400170278 /* MASViewAttribute.h */ = {isa = PBXFileReference; fileEncoding = 4; lastKnownFileType = sourcecode.c.h; path = MASViewAttribute.h; sourceTree = "<group>"; };
		B7B86B7E1D5881C400170278 /* MASViewAttribute.m */ = {isa = PBXFileReference; fileEncoding = 4; lastKnownFileType = sourcecode.c.objc; path = MASViewAttribute.m; sourceTree = "<group>"; };
		B7B86B7F1D5881C400170278 /* MASViewConstraint.h */ = {isa = PBXFileReference; fileEncoding = 4; lastKnownFileType = sourcecode.c.h; path = MASViewConstraint.h; sourceTree = "<group>"; };
		B7B86B801D5881C400170278 /* MASViewConstraint.m */ = {isa = PBXFileReference; fileEncoding = 4; lastKnownFileType = sourcecode.c.objc; path = MASViewConstraint.m; sourceTree = "<group>"; };
		B7B86B811D5881C400170278 /* NSArray+MASAdditions.h */ = {isa = PBXFileReference; fileEncoding = 4; lastKnownFileType = sourcecode.c.h; path = "NSArray+MASAdditions.h"; sourceTree = "<group>"; };
		B7B86B821D5881C400170278 /* NSArray+MASAdditions.m */ = {isa = PBXFileReference; fileEncoding = 4; lastKnownFileType = sourcecode.c.objc; path = "NSArray+MASAdditions.m"; sourceTree = "<group>"; };
		B7B86B831D5881C400170278 /* NSArray+MASShorthandAdditions.h */ = {isa = PBXFileReference; fileEncoding = 4; lastKnownFileType = sourcecode.c.h; path = "NSArray+MASShorthandAdditions.h"; sourceTree = "<group>"; };
		B7B86B841D5881C400170278 /* NSLayoutConstraint+MASDebugAdditions.h */ = {isa = PBXFileReference; fileEncoding = 4; lastKnownFileType = sourcecode.c.h; path = "NSLayoutConstraint+MASDebugAdditions.h"; sourceTree = "<group>"; };
		B7B86B851D5881C400170278 /* NSLayoutConstraint+MASDebugAdditions.m */ = {isa = PBXFileReference; fileEncoding = 4; lastKnownFileType = sourcecode.c.objc; path = "NSLayoutConstraint+MASDebugAdditions.m"; sourceTree = "<group>"; };
		B7B86B861D5881C400170278 /* View+MASAdditions.h */ = {isa = PBXFileReference; fileEncoding = 4; lastKnownFileType = sourcecode.c.h; path = "View+MASAdditions.h"; sourceTree = "<group>"; };
		B7B86B871D5881C400170278 /* View+MASAdditions.m */ = {isa = PBXFileReference; fileEncoding = 4; lastKnownFileType = sourcecode.c.objc; path = "View+MASAdditions.m"; sourceTree = "<group>"; };
		B7B86B881D5881C400170278 /* View+MASShorthandAdditions.h */ = {isa = PBXFileReference; fileEncoding = 4; lastKnownFileType = sourcecode.c.h; path = "View+MASShorthandAdditions.h"; sourceTree = "<group>"; };
		B7B86B891D5881C400170278 /* ViewController+MASAdditions.h */ = {isa = PBXFileReference; fileEncoding = 4; lastKnownFileType = sourcecode.c.h; path = "ViewController+MASAdditions.h"; sourceTree = "<group>"; };
		B7B86B8A1D5881C400170278 /* ViewController+MASAdditions.m */ = {isa = PBXFileReference; fileEncoding = 4; lastKnownFileType = sourcecode.c.objc; path = "ViewController+MASAdditions.m"; sourceTree = "<group>"; };
		B7C046791D597B680029D2D6 /* ZQTabBarController.h */ = {isa = PBXFileReference; fileEncoding = 4; lastKnownFileType = sourcecode.c.h; name = ZQTabBarController.h; path = Main/Other/TabBar/ZQTabBarController.h; sourceTree = "<group>"; };
		B7C0467A1D597B680029D2D6 /* ZQTabBarController.m */ = {isa = PBXFileReference; fileEncoding = 4; lastKnownFileType = sourcecode.c.objc; name = ZQTabBarController.m; path = Main/Other/TabBar/ZQTabBarController.m; sourceTree = "<group>"; };
		B7C0467E1D597C240029D2D6 /* User.h */ = {isa = PBXFileReference; fileEncoding = 4; lastKnownFileType = sourcecode.c.h; name = User.h; path = Main/Me/Model/User.h; sourceTree = "<group>"; };
		B7C0467F1D597C240029D2D6 /* User.m */ = {isa = PBXFileReference; fileEncoding = 4; lastKnownFileType = sourcecode.c.objc; name = User.m; path = Main/Me/Model/User.m; sourceTree = "<group>"; };
		B7EE461D1D70749000520FBB /* Constant.h */ = {isa = PBXFileReference; lastKnownFileType = sourcecode.c.h; path = Constant.h; sourceTree = "<group>"; };
		B7EE461F1D70779800520FBB /* UIView+Extension.h */ = {isa = PBXFileReference; fileEncoding = 4; lastKnownFileType = sourcecode.c.h; name = "UIView+Extension.h"; path = "Extension/UIView+Extension.h"; sourceTree = "<group>"; };
		B7EE46201D70779800520FBB /* UIView+Extension.m */ = {isa = PBXFileReference; fileEncoding = 4; lastKnownFileType = sourcecode.c.objc; name = "UIView+Extension.m"; path = "Extension/UIView+Extension.m"; sourceTree = "<group>"; };
		B7EE46241D7078D500520FBB /* MKAnnotationView+WebCache.h */ = {isa = PBXFileReference; fileEncoding = 4; lastKnownFileType = sourcecode.c.h; path = "MKAnnotationView+WebCache.h"; sourceTree = "<group>"; };
		B7EE46251D7078D500520FBB /* MKAnnotationView+WebCache.m */ = {isa = PBXFileReference; fileEncoding = 4; lastKnownFileType = sourcecode.c.objc; path = "MKAnnotationView+WebCache.m"; sourceTree = "<group>"; };
		B7EE46261D7078D500520FBB /* NSData+ImageContentType.h */ = {isa = PBXFileReference; fileEncoding = 4; lastKnownFileType = sourcecode.c.h; path = "NSData+ImageContentType.h"; sourceTree = "<group>"; };
		B7EE46271D7078D500520FBB /* NSData+ImageContentType.m */ = {isa = PBXFileReference; fileEncoding = 4; lastKnownFileType = sourcecode.c.objc; path = "NSData+ImageContentType.m"; sourceTree = "<group>"; };
		B7EE46281D7078D500520FBB /* SDImageCache.h */ = {isa = PBXFileReference; fileEncoding = 4; lastKnownFileType = sourcecode.c.h; path = SDImageCache.h; sourceTree = "<group>"; };
		B7EE46291D7078D500520FBB /* SDImageCache.m */ = {isa = PBXFileReference; fileEncoding = 4; lastKnownFileType = sourcecode.c.objc; path = SDImageCache.m; sourceTree = "<group>"; };
		B7EE462A1D7078D500520FBB /* SDWebImageCompat.h */ = {isa = PBXFileReference; fileEncoding = 4; lastKnownFileType = sourcecode.c.h; path = SDWebImageCompat.h; sourceTree = "<group>"; };
		B7EE462B1D7078D500520FBB /* SDWebImageCompat.m */ = {isa = PBXFileReference; fileEncoding = 4; lastKnownFileType = sourcecode.c.objc; path = SDWebImageCompat.m; sourceTree = "<group>"; };
		B7EE462C1D7078D500520FBB /* SDWebImageDecoder.h */ = {isa = PBXFileReference; fileEncoding = 4; lastKnownFileType = sourcecode.c.h; path = SDWebImageDecoder.h; sourceTree = "<group>"; };
		B7EE462D1D7078D500520FBB /* SDWebImageDecoder.m */ = {isa = PBXFileReference; fileEncoding = 4; lastKnownFileType = sourcecode.c.objc; path = SDWebImageDecoder.m; sourceTree = "<group>"; };
		B7EE462E1D7078D500520FBB /* SDWebImageDownloader.h */ = {isa = PBXFileReference; fileEncoding = 4; lastKnownFileType = sourcecode.c.h; path = SDWebImageDownloader.h; sourceTree = "<group>"; };
		B7EE462F1D7078D500520FBB /* SDWebImageDownloader.m */ = {isa = PBXFileReference; fileEncoding = 4; lastKnownFileType = sourcecode.c.objc; path = SDWebImageDownloader.m; sourceTree = "<group>"; };
		B7EE46301D7078D500520FBB /* SDWebImageDownloaderOperation.h */ = {isa = PBXFileReference; fileEncoding = 4; lastKnownFileType = sourcecode.c.h; path = SDWebImageDownloaderOperation.h; sourceTree = "<group>"; };
		B7EE46311D7078D500520FBB /* SDWebImageDownloaderOperation.m */ = {isa = PBXFileReference; fileEncoding = 4; lastKnownFileType = sourcecode.c.objc; path = SDWebImageDownloaderOperation.m; sourceTree = "<group>"; };
		B7EE46321D7078D500520FBB /* SDWebImageManager.h */ = {isa = PBXFileReference; fileEncoding = 4; lastKnownFileType = sourcecode.c.h; path = SDWebImageManager.h; sourceTree = "<group>"; };
		B7EE46331D7078D500520FBB /* SDWebImageManager.m */ = {isa = PBXFileReference; fileEncoding = 4; lastKnownFileType = sourcecode.c.objc; path = SDWebImageManager.m; sourceTree = "<group>"; };
		B7EE46341D7078D500520FBB /* SDWebImageOperation.h */ = {isa = PBXFileReference; fileEncoding = 4; lastKnownFileType = sourcecode.c.h; path = SDWebImageOperation.h; sourceTree = "<group>"; };
		B7EE46351D7078D500520FBB /* SDWebImagePrefetcher.h */ = {isa = PBXFileReference; fileEncoding = 4; lastKnownFileType = sourcecode.c.h; path = SDWebImagePrefetcher.h; sourceTree = "<group>"; };
		B7EE46361D7078D500520FBB /* SDWebImagePrefetcher.m */ = {isa = PBXFileReference; fileEncoding = 4; lastKnownFileType = sourcecode.c.objc; path = SDWebImagePrefetcher.m; sourceTree = "<group>"; };
		B7EE46371D7078D500520FBB /* UIButton+WebCache.h */ = {isa = PBXFileReference; fileEncoding = 4; lastKnownFileType = sourcecode.c.h; path = "UIButton+WebCache.h"; sourceTree = "<group>"; };
		B7EE46381D7078D500520FBB /* UIButton+WebCache.m */ = {isa = PBXFileReference; fileEncoding = 4; lastKnownFileType = sourcecode.c.objc; path = "UIButton+WebCache.m"; sourceTree = "<group>"; };
		B7EE46391D7078D500520FBB /* UIImage+GIF.h */ = {isa = PBXFileReference; fileEncoding = 4; lastKnownFileType = sourcecode.c.h; path = "UIImage+GIF.h"; sourceTree = "<group>"; };
		B7EE463A1D7078D500520FBB /* UIImage+GIF.m */ = {isa = PBXFileReference; fileEncoding = 4; lastKnownFileType = sourcecode.c.objc; path = "UIImage+GIF.m"; sourceTree = "<group>"; };
		B7EE463B1D7078D500520FBB /* UIImage+MultiFormat.h */ = {isa = PBXFileReference; fileEncoding = 4; lastKnownFileType = sourcecode.c.h; path = "UIImage+MultiFormat.h"; sourceTree = "<group>"; };
		B7EE463C1D7078D500520FBB /* UIImage+MultiFormat.m */ = {isa = PBXFileReference; fileEncoding = 4; lastKnownFileType = sourcecode.c.objc; path = "UIImage+MultiFormat.m"; sourceTree = "<group>"; };
		B7EE463D1D7078D500520FBB /* UIImage+WebP.h */ = {isa = PBXFileReference; fileEncoding = 4; lastKnownFileType = sourcecode.c.h; path = "UIImage+WebP.h"; sourceTree = "<group>"; };
		B7EE463E1D7078D500520FBB /* UIImage+WebP.m */ = {isa = PBXFileReference; fileEncoding = 4; lastKnownFileType = sourcecode.c.objc; path = "UIImage+WebP.m"; sourceTree = "<group>"; };
		B7EE463F1D7078D500520FBB /* UIImageView+HighlightedWebCache.h */ = {isa = PBXFileReference; fileEncoding = 4; lastKnownFileType = sourcecode.c.h; path = "UIImageView+HighlightedWebCache.h"; sourceTree = "<group>"; };
		B7EE46401D7078D500520FBB /* UIImageView+HighlightedWebCache.m */ = {isa = PBXFileReference; fileEncoding = 4; lastKnownFileType = sourcecode.c.objc; path = "UIImageView+HighlightedWebCache.m"; sourceTree = "<group>"; };
		B7EE46411D7078D500520FBB /* UIImageView+WebCache.h */ = {isa = PBXFileReference; fileEncoding = 4; lastKnownFileType = sourcecode.c.h; path = "UIImageView+WebCache.h"; sourceTree = "<group>"; };
		B7EE46421D7078D500520FBB /* UIImageView+WebCache.m */ = {isa = PBXFileReference; fileEncoding = 4; lastKnownFileType = sourcecode.c.objc; path = "UIImageView+WebCache.m"; sourceTree = "<group>"; };
		B7EE46431D7078D500520FBB /* UIView+WebCacheOperation.h */ = {isa = PBXFileReference; fileEncoding = 4; lastKnownFileType = sourcecode.c.h; path = "UIView+WebCacheOperation.h"; sourceTree = "<group>"; };
		B7EE46441D7078D500520FBB /* UIView+WebCacheOperation.m */ = {isa = PBXFileReference; fileEncoding = 4; lastKnownFileType = sourcecode.c.objc; path = "UIView+WebCacheOperation.m"; sourceTree = "<group>"; };
		B7EE46551D707FF800520FBB /* Tweet.h */ = {isa = PBXFileReference; fileEncoding = 4; lastKnownFileType = sourcecode.c.h; name = Tweet.h; path = Main/TimeLine/Model/Tweet.h; sourceTree = "<group>"; };
		B7EE46561D707FF800520FBB /* Tweet.m */ = {isa = PBXFileReference; fileEncoding = 4; lastKnownFileType = sourcecode.c.objc; name = Tweet.m; path = Main/TimeLine/Model/Tweet.m; sourceTree = "<group>"; };
		B7EE46581D7080FC00520FBB /* Photo.h */ = {isa = PBXFileReference; fileEncoding = 4; lastKnownFileType = sourcecode.c.h; name = Photo.h; path = Main/TimeLine/Model/Photo.h; sourceTree = "<group>"; };
		B7EE46591D7080FC00520FBB /* Photo.m */ = {isa = PBXFileReference; fileEncoding = 4; lastKnownFileType = sourcecode.c.objc; name = Photo.m; path = Main/TimeLine/Model/Photo.m; sourceTree = "<group>"; };
		B7EE465B1D7092F600520FBB /* TweetComposeController.h */ = {isa = PBXFileReference; fileEncoding = 4; lastKnownFileType = sourcecode.c.h; name = TweetComposeController.h; path = Main/TimeLine/Controller/TweetComposeController.h; sourceTree = "<group>"; };
		B7EE465C1D7092F600520FBB /* TweetComposeController.m */ = {isa = PBXFileReference; fileEncoding = 4; lastKnownFileType = sourcecode.c.objc; name = TweetComposeController.m; path = Main/TimeLine/Controller/TweetComposeController.m; sourceTree = "<group>"; };
/* End PBXFileReference section */

/* Begin PBXFrameworksBuildPhase section */
		B7B86B341D58804200170278 /* Frameworks */ = {
			isa = PBXFrameworksBuildPhase;
			buildActionMask = 2147483647;
			files = (
			);
			runOnlyForDeploymentPostprocessing = 0;
		};
		B7B86B471D58804200170278 /* Frameworks */ = {
			isa = PBXFrameworksBuildPhase;
			buildActionMask = 2147483647;
			files = (
			);
			runOnlyForDeploymentPostprocessing = 0;
		};
		B7B86B521D58804200170278 /* Frameworks */ = {
			isa = PBXFrameworksBuildPhase;
			buildActionMask = 2147483647;
			files = (
			);
			runOnlyForDeploymentPostprocessing = 0;
		};
/* End PBXFrameworksBuildPhase section */

/* Begin PBXGroup section */
		B768E7921D5964060032836C /* TimeLine */ = {
			isa = PBXGroup;
			children = (
				B7ADBBCD1D59B152000245BF /* View */,
				B7C046811D597E690029D2D6 /* Controller */,
				B768E7931D5964130032836C /* Model */,
			);
			name = TimeLine;
			sourceTree = "<group>";
		};
		B768E7931D5964130032836C /* Model */ = {
			isa = PBXGroup;
			children = (
				B7EE46551D707FF800520FBB /* Tweet.h */,
				B7EE46561D707FF800520FBB /* Tweet.m */,
				B7EE46581D7080FC00520FBB /* Photo.h */,
				B7EE46591D7080FC00520FBB /* Photo.m */,
			);
			name = Model;
			sourceTree = "<group>";
		};
		B768E7971D5965350032836C /* Other */ = {
			isa = PBXGroup;
			children = (
				B7C046781D597B1F0029D2D6 /* Navigation */,
				B7C046771D597B080029D2D6 /* TabBar */,
				B768E7981D5965400032836C /* OAuth */,
			);
			name = Other;
			sourceTree = "<group>";
		};
		B768E7981D5965400032836C /* OAuth */ = {
			isa = PBXGroup;
			children = (
				B7ADBBD11D59B5BA000245BF /* WeiboAccessViewController.h */,
				B7ADBBD21D59B5BA000245BF /* WeiboAccessViewController.m */,
				B78D86501D59D71400E16311 /* Account.h */,
				B78D86511D59D71400E16311 /* Account.m */,
			);
			name = OAuth;
			sourceTree = "<group>";
		};
		B7A64AEA1D5985E8000C9C05 /* Message */ = {
			isa = PBXGroup;
			children = (
				B7A64AED1D598721000C9C05 /* View */,
				B7A64AEC1D598716000C9C05 /* Controller */,
				B7A64AEB1D598710000C9C05 /* Model */,
			);
			name = Message;
			sourceTree = "<group>";
		};
		B7A64AEB1D598710000C9C05 /* Model */ = {
			isa = PBXGroup;
			children = (
			);
			name = Model;
			sourceTree = "<group>";
		};
		B7A64AEC1D598716000C9C05 /* Controller */ = {
			isa = PBXGroup;
			children = (
				B7A64AF91D599EE7000C9C05 /* MessageViewController.h */,
				B7A64AFA1D599EE7000C9C05 /* MessageViewController.m */,
			);
			name = Controller;
			sourceTree = "<group>";
		};
		B7A64AED1D598721000C9C05 /* View */ = {
			isa = PBXGroup;
			children = (
			);
			name = View;
			sourceTree = "<group>";
		};
		B7A64AEE1D599DB3000C9C05 /* Controller */ = {
			isa = PBXGroup;
			children = (
				B7A64AEF1D599DF6000C9C05 /* FavoriteViewController.h */,
				B7A64AF01D599DF6000C9C05 /* FavoriteViewController.m */,
			);
			name = Controller;
			sourceTree = "<group>";
		};
		B7A64AF51D599E52000C9C05 /* Controller */ = {
			isa = PBXGroup;
			children = (
				B7A64AF61D599EB3000C9C05 /* UserViewController.h */,
				B7A64AF71D599EB3000C9C05 /* UserViewController.m */,
			);
			name = Controller;
			sourceTree = "<group>";
		};
		B7ADBBCD1D59B152000245BF /* View */ = {
			isa = PBXGroup;
			children = (
				B7ADBBCE1D59B183000245BF /* TimeLineCell.h */,
				B7ADBBCF1D59B183000245BF /* TimeLineCell.m */,
			);
			name = View;
			sourceTree = "<group>";
		};
		B7ADBBD41D59C6CE000245BF /* AFNetworking */ = {
			isa = PBXGroup;
			children = (
				B7ADBBD51D59C6CE000245BF /* AFHTTPSessionManager.h */,
				B7ADBBD61D59C6CE000245BF /* AFHTTPSessionManager.m */,
				B7ADBBD71D59C6CE000245BF /* AFNetworking.h */,
				B7ADBBD81D59C6CE000245BF /* AFNetworkReachabilityManager.h */,
				B7ADBBD91D59C6CE000245BF /* AFNetworkReachabilityManager.m */,
				B7ADBBDA1D59C6CE000245BF /* AFSecurityPolicy.h */,
				B7ADBBDB1D59C6CE000245BF /* AFSecurityPolicy.m */,
				B7ADBBDC1D59C6CE000245BF /* AFURLRequestSerialization.h */,
				B7ADBBDD1D59C6CE000245BF /* AFURLRequestSerialization.m */,
				B7ADBBDE1D59C6CE000245BF /* AFURLResponseSerialization.h */,
				B7ADBBDF1D59C6CE000245BF /* AFURLResponseSerialization.m */,
				B7ADBBE01D59C6CE000245BF /* AFURLSessionManager.h */,
				B7ADBBE11D59C6CE000245BF /* AFURLSessionManager.m */,
			);
			path = AFNetworking;
			sourceTree = "<group>";
		};
		B7B86B2E1D58804200170278 = {
			isa = PBXGroup;
			children = (
				B7B86B391D58804200170278 /* Tweebo */,
			);
			sourceTree = "<group>";
		};
		B7B86B381D58804200170278 /* Products */ = {
			isa = PBXGroup;
			children = (
				B7B86B371D58804200170278 /* Tweebo.app */,
				B7B86B4A1D58804200170278 /* TweeboTests.xctest */,
				B7B86B551D58804200170278 /* TweeboUITests.xctest */,
			);
			name = Products;
			path = ..;
			sourceTree = "<group>";
		};
		B7B86B391D58804200170278 /* Tweebo */ = {
			isa = PBXGroup;
			children = (
				B7B86B961D58840C00170278 /* Main */,
				B7B86B401D58804200170278 /* Assets.xcassets */,
				B7B86B671D58817000170278 /* Supporting Files */,
				B7B86B6F1D5881C400170278 /* Extra Library */,
				B7B86B971D58855F00170278 /* Other */,
			);
			path = Tweebo;
			sourceTree = "<group>";
		};
		B7B86B4D1D58804200170278 /* TweeboTests */ = {
			isa = PBXGroup;
			children = (
				B7B86B4E1D58804200170278 /* TweeboTests.m */,
				B7B86B501D58804200170278 /* Info.plist */,
			);
			path = TweeboTests;
			sourceTree = SOURCE_ROOT;
		};
		B7B86B581D58804200170278 /* TweeboUITests */ = {
			isa = PBXGroup;
			children = (
				B7B86B591D58804200170278 /* TweeboUITests.m */,
				B7B86B5B1D58804200170278 /* Info.plist */,
			);
			path = TweeboUITests;
			sourceTree = SOURCE_ROOT;
		};
		B7B86B671D58817000170278 /* Supporting Files */ = {
			isa = PBXGroup;
			children = (
				B7EE46221D70788100520FBB /* Network */,
				B7EE461E1D70777800520FBB /* Extension */,
				B7ADBBED1D59D233000245BF /* Info.plist */,
				B7B86B681D58817000170278 /* AppDelegate.h */,
				B7B86B691D58817000170278 /* AppDelegate.m */,
				B7B86B6B1D58817000170278 /* main.m */,
				B7EE461D1D70749000520FBB /* Constant.h */,
			);
			path = "Supporting Files";
			sourceTree = "<group>";
		};
		B7B86B6F1D5881C400170278 /* Extra Library */ = {
			isa = PBXGroup;
			children = (
				B7EE46231D7078D500520FBB /* SDWebImage */,
				B7ADBBD41D59C6CE000245BF /* AFNetworking */,
				B7B86B701D5881C400170278 /* Masonry */,
			);
			path = "Extra Library";
			sourceTree = "<group>";
		};
		B7B86B701D5881C400170278 /* Masonry */ = {
			isa = PBXGroup;
			children = (
				B7B86B711D5881C400170278 /* Info.plist */,
				B7B86B721D5881C400170278 /* MASCompositeConstraint.h */,
				B7B86B731D5881C400170278 /* MASCompositeConstraint.m */,
				B7B86B741D5881C400170278 /* MASConstraint+Private.h */,
				B7B86B751D5881C400170278 /* MASConstraint.h */,
				B7B86B761D5881C400170278 /* MASConstraint.m */,
				B7B86B771D5881C400170278 /* MASConstraintMaker.h */,
				B7B86B781D5881C400170278 /* MASConstraintMaker.m */,
				B7B86B791D5881C400170278 /* MASLayoutConstraint.h */,
				B7B86B7A1D5881C400170278 /* MASLayoutConstraint.m */,
				B7B86B7B1D5881C400170278 /* Masonry.h */,
				B7B86B7C1D5881C400170278 /* MASUtilities.h */,
				B7B86B7D1D5881C400170278 /* MASViewAttribute.h */,
				B7B86B7E1D5881C400170278 /* MASViewAttribute.m */,
				B7B86B7F1D5881C400170278 /* MASViewConstraint.h */,
				B7B86B801D5881C400170278 /* MASViewConstraint.m */,
				B7B86B811D5881C400170278 /* NSArray+MASAdditions.h */,
				B7B86B821D5881C400170278 /* NSArray+MASAdditions.m */,
				B7B86B831D5881C400170278 /* NSArray+MASShorthandAdditions.h */,
				B7B86B841D5881C400170278 /* NSLayoutConstraint+MASDebugAdditions.h */,
				B7B86B851D5881C400170278 /* NSLayoutConstraint+MASDebugAdditions.m */,
				B7B86B861D5881C400170278 /* View+MASAdditions.h */,
				B7B86B871D5881C400170278 /* View+MASAdditions.m */,
				B7B86B881D5881C400170278 /* View+MASShorthandAdditions.h */,
				B7B86B891D5881C400170278 /* ViewController+MASAdditions.h */,
				B7B86B8A1D5881C400170278 /* ViewController+MASAdditions.m */,
			);
			path = Masonry;
			sourceTree = "<group>";
		};
		B7B86B961D58840C00170278 /* Main */ = {
			isa = PBXGroup;
			children = (
				B768E7921D5964060032836C /* TimeLine */,
				B7A64AEA1D5985E8000C9C05 /* Message */,
				B7C046851D5980D70029D2D6 /* Favorite */,
				B7C0467C1D597BB50029D2D6 /* Me */,
				B768E7971D5965350032836C /* Other */,
			);
			name = Main;
			sourceTree = "<group>";
		};
		B7B86B971D58855F00170278 /* Other */ = {
			isa = PBXGroup;
			children = (
				B7B86B381D58804200170278 /* Products */,
				B7B86B4D1D58804200170278 /* TweeboTests */,
				B7B86B581D58804200170278 /* TweeboUITests */,
			);
			name = Other;
			sourceTree = "<group>";
		};
		B7C046771D597B080029D2D6 /* TabBar */ = {
			isa = PBXGroup;
			children = (
				B7C046791D597B680029D2D6 /* ZQTabBarController.h */,
				B7C0467A1D597B680029D2D6 /* ZQTabBarController.m */,
			);
			name = TabBar;
			sourceTree = "<group>";
		};
		B7C046781D597B1F0029D2D6 /* Navigation */ = {
			isa = PBXGroup;
			children = (
				B7ADBBCA1D59A8C1000245BF /* ZQNavigationController.h */,
				B7ADBBCB1D59A8C1000245BF /* ZQNavigationController.m */,
			);
			name = Navigation;
			sourceTree = "<group>";
		};
		B7C0467C1D597BB50029D2D6 /* Me */ = {
			isa = PBXGroup;
			children = (
				B7EE461C1D70407D00520FBB /* View */,
				B7A64AF51D599E52000C9C05 /* Controller */,
				B7C0467D1D597BD30029D2D6 /* Model */,
			);
			name = Me;
			sourceTree = "<group>";
		};
		B7C0467D1D597BD30029D2D6 /* Model */ = {
			isa = PBXGroup;
			children = (
				B7C0467E1D597C240029D2D6 /* User.h */,
				B7C0467F1D597C240029D2D6 /* User.m */,
			);
			name = Model;
			sourceTree = "<group>";
		};
		B7C046811D597E690029D2D6 /* Controller */ = {
			isa = PBXGroup;
			children = (
				B7A64AF21D599E2F000C9C05 /* TimeLineViewController.h */,
				B7A64AF31D599E2F000C9C05 /* TimeLineViewController.m */,
				B7EE465B1D7092F600520FBB /* TweetComposeController.h */,
				B7EE465C1D7092F600520FBB /* TweetComposeController.m */,
			);
			name = Controller;
			sourceTree = "<group>";
		};
		B7C046851D5980D70029D2D6 /* Favorite */ = {
			isa = PBXGroup;
			children = (
				B7EE461B1D70304700520FBB /* Model */,
				B7EE461A1D70304000520FBB /* View */,
				B7A64AEE1D599DB3000C9C05 /* Controller */,
			);
			name = Favorite;
			sourceTree = "<group>";
		};
		B7EE461A1D70304000520FBB /* View */ = {
			isa = PBXGroup;
			children = (
			);
			name = View;
			sourceTree = "<group>";
		};
		B7EE461B1D70304700520FBB /* Model */ = {
			isa = PBXGroup;
			children = (
			);
			name = Model;
			sourceTree = "<group>";
		};
		B7EE461C1D70407D00520FBB /* View */ = {
			isa = PBXGroup;
			children = (
			);
			name = View;
			sourceTree = "<group>";
		};
		B7EE461E1D70777800520FBB /* Extension */ = {
			isa = PBXGroup;
			children = (
				B7EE461F1D70779800520FBB /* UIView+Extension.h */,
				B7EE46201D70779800520FBB /* UIView+Extension.m */,
			);
			name = Extension;
			sourceTree = "<group>";
		};
		B7EE46221D70788100520FBB /* Network */ = {
			isa = PBXGroup;
			children = (
			);
			name = Network;
			sourceTree = "<group>";
		};
		B7EE46231D7078D500520FBB /* SDWebImage */ = {
			isa = PBXGroup;
			children = (
				B7EE46241D7078D500520FBB /* MKAnnotationView+WebCache.h */,
				B7EE46251D7078D500520FBB /* MKAnnotationView+WebCache.m */,
				B7EE46261D7078D500520FBB /* NSData+ImageContentType.h */,
				B7EE46271D7078D500520FBB /* NSData+ImageContentType.m */,
				B7EE46281D7078D500520FBB /* SDImageCache.h */,
				B7EE46291D7078D500520FBB /* SDImageCache.m */,
				B7EE462A1D7078D500520FBB /* SDWebImageCompat.h */,
				B7EE462B1D7078D500520FBB /* SDWebImageCompat.m */,
				B7EE462C1D7078D500520FBB /* SDWebImageDecoder.h */,
				B7EE462D1D7078D500520FBB /* SDWebImageDecoder.m */,
				B7EE462E1D7078D500520FBB /* SDWebImageDownloader.h */,
				B7EE462F1D7078D500520FBB /* SDWebImageDownloader.m */,
				B7EE46301D7078D500520FBB /* SDWebImageDownloaderOperation.h */,
				B7EE46311D7078D500520FBB /* SDWebImageDownloaderOperation.m */,
				B7EE46321D7078D500520FBB /* SDWebImageManager.h */,
				B7EE46331D7078D500520FBB /* SDWebImageManager.m */,
				B7EE46341D7078D500520FBB /* SDWebImageOperation.h */,
				B7EE46351D7078D500520FBB /* SDWebImagePrefetcher.h */,
				B7EE46361D7078D500520FBB /* SDWebImagePrefetcher.m */,
				B7EE46371D7078D500520FBB /* UIButton+WebCache.h */,
				B7EE46381D7078D500520FBB /* UIButton+WebCache.m */,
				B7EE46391D7078D500520FBB /* UIImage+GIF.h */,
				B7EE463A1D7078D500520FBB /* UIImage+GIF.m */,
				B7EE463B1D7078D500520FBB /* UIImage+MultiFormat.h */,
				B7EE463C1D7078D500520FBB /* UIImage+MultiFormat.m */,
				B7EE463D1D7078D500520FBB /* UIImage+WebP.h */,
				B7EE463E1D7078D500520FBB /* UIImage+WebP.m */,
				B7EE463F1D7078D500520FBB /* UIImageView+HighlightedWebCache.h */,
				B7EE46401D7078D500520FBB /* UIImageView+HighlightedWebCache.m */,
				B7EE46411D7078D500520FBB /* UIImageView+WebCache.h */,
				B7EE46421D7078D500520FBB /* UIImageView+WebCache.m */,
				B7EE46431D7078D500520FBB /* UIView+WebCacheOperation.h */,
				B7EE46441D7078D500520FBB /* UIView+WebCacheOperation.m */,
			);
			path = SDWebImage;
			sourceTree = "<group>";
		};
/* End PBXGroup section */

/* Begin PBXNativeTarget section */
		B7B86B361D58804200170278 /* Tweebo */ = {
			isa = PBXNativeTarget;
			buildConfigurationList = B7B86B5E1D58804200170278 /* Build configuration list for PBXNativeTarget "Tweebo" */;
			buildPhases = (
				B7B86B331D58804200170278 /* Sources */,
				B7B86B341D58804200170278 /* Frameworks */,
				B7B86B351D58804200170278 /* Resources */,
			);
			buildRules = (
			);
			dependencies = (
			);
			name = Tweebo;
			productName = Tweebo;
			productReference = B7B86B371D58804200170278 /* Tweebo.app */;
			productType = "com.apple.product-type.application";
		};
		B7B86B491D58804200170278 /* TweeboTests */ = {
			isa = PBXNativeTarget;
			buildConfigurationList = B7B86B611D58804200170278 /* Build configuration list for PBXNativeTarget "TweeboTests" */;
			buildPhases = (
				B7B86B461D58804200170278 /* Sources */,
				B7B86B471D58804200170278 /* Frameworks */,
				B7B86B481D58804200170278 /* Resources */,
			);
			buildRules = (
			);
			dependencies = (
				B7B86B4C1D58804200170278 /* PBXTargetDependency */,
			);
			name = TweeboTests;
			productName = TweeboTests;
			productReference = B7B86B4A1D58804200170278 /* TweeboTests.xctest */;
			productType = "com.apple.product-type.bundle.unit-test";
		};
		B7B86B541D58804200170278 /* TweeboUITests */ = {
			isa = PBXNativeTarget;
			buildConfigurationList = B7B86B641D58804200170278 /* Build configuration list for PBXNativeTarget "TweeboUITests" */;
			buildPhases = (
				B7B86B511D58804200170278 /* Sources */,
				B7B86B521D58804200170278 /* Frameworks */,
				B7B86B531D58804200170278 /* Resources */,
			);
			buildRules = (
			);
			dependencies = (
				B7B86B571D58804200170278 /* PBXTargetDependency */,
			);
			name = TweeboUITests;
			productName = TweeboUITests;
			productReference = B7B86B551D58804200170278 /* TweeboUITests.xctest */;
			productType = "com.apple.product-type.bundle.ui-testing";
		};
/* End PBXNativeTarget section */

/* Begin PBXProject section */
		B7B86B2F1D58804200170278 /* Project object */ = {
			isa = PBXProject;
			attributes = {
				LastUpgradeCheck = 0730;
				ORGANIZATIONNAME = Zen;
				TargetAttributes = {
					B7B86B361D58804200170278 = {
						CreatedOnToolsVersion = 7.3.1;
						DevelopmentTeam = LKBBW6G7D5;
					};
					B7B86B491D58804200170278 = {
						CreatedOnToolsVersion = 7.3.1;
						DevelopmentTeam = LKBBW6G7D5;
						TestTargetID = B7B86B361D58804200170278;
					};
					B7B86B541D58804200170278 = {
						CreatedOnToolsVersion = 7.3.1;
						DevelopmentTeam = LKBBW6G7D5;
						TestTargetID = B7B86B361D58804200170278;
					};
				};
			};
			buildConfigurationList = B7B86B321D58804200170278 /* Build configuration list for PBXProject "Tweebo" */;
			compatibilityVersion = "Xcode 3.2";
			developmentRegion = English;
			hasScannedForEncodings = 0;
			knownRegions = (
				en,
				Base,
			);
			mainGroup = B7B86B2E1D58804200170278;
			productRefGroup = B7B86B381D58804200170278 /* Products */;
			projectDirPath = "";
			projectRoot = "";
			targets = (
				B7B86B361D58804200170278 /* Tweebo */,
				B7B86B491D58804200170278 /* TweeboTests */,
				B7B86B541D58804200170278 /* TweeboUITests */,
			);
		};
/* End PBXProject section */

/* Begin PBXResourcesBuildPhase section */
		B7B86B351D58804200170278 /* Resources */ = {
			isa = PBXResourcesBuildPhase;
			buildActionMask = 2147483647;
			files = (
				B7B86B411D58804200170278 /* Assets.xcassets in Resources */,
			);
			runOnlyForDeploymentPostprocessing = 0;
		};
		B7B86B481D58804200170278 /* Resources */ = {
			isa = PBXResourcesBuildPhase;
			buildActionMask = 2147483647;
			files = (
			);
			runOnlyForDeploymentPostprocessing = 0;
		};
		B7B86B531D58804200170278 /* Resources */ = {
			isa = PBXResourcesBuildPhase;
			buildActionMask = 2147483647;
			files = (
			);
			runOnlyForDeploymentPostprocessing = 0;
		};
/* End PBXResourcesBuildPhase section */

/* Begin PBXSourcesBuildPhase section */
		B7B86B331D58804200170278 /* Sources */ = {
			isa = PBXSourcesBuildPhase;
			buildActionMask = 2147483647;
			files = (
				B7EE46211D70779800520FBB /* UIView+Extension.m in Sources */,
				B7B86B8D1D5881C400170278 /* MASConstraint.m in Sources */,
				B7B86B901D5881C400170278 /* MASViewAttribute.m in Sources */,
				B7EE464D1D7078D500520FBB /* SDWebImagePrefetcher.m in Sources */,
				B7B86B951D5881C400170278 /* ViewController+MASAdditions.m in Sources */,
				B7EE464B1D7078D500520FBB /* SDWebImageDownloaderOperation.m in Sources */,
				B7EE46521D7078D500520FBB /* UIImageView+HighlightedWebCache.m in Sources */,
				B7EE465A1D7080FC00520FBB /* Photo.m in Sources */,
				B7ADBBD31D59B5BA000245BF /* WeiboAccessViewController.m in Sources */,
				B7ADBBD01D59B183000245BF /* TimeLineCell.m in Sources */,
				B7B86B8E1D5881C400170278 /* MASConstraintMaker.m in Sources */,
				B7EE46511D7078D500520FBB /* UIImage+WebP.m in Sources */,
				B7EE46491D7078D500520FBB /* SDWebImageDecoder.m in Sources */,
				B7EE46501D7078D500520FBB /* UIImage+MultiFormat.m in Sources */,
				B7EE46471D7078D500520FBB /* SDImageCache.m in Sources */,
				B7ADBBE41D59C6CE000245BF /* AFSecurityPolicy.m in Sources */,
				B7A64AF11D599DF6000C9C05 /* FavoriteViewController.m in Sources */,
				B7B86B931D5881C400170278 /* NSLayoutConstraint+MASDebugAdditions.m in Sources */,
				B7EE46481D7078D500520FBB /* SDWebImageCompat.m in Sources */,
				B7ADBBCC1D59A8C1000245BF /* ZQNavigationController.m in Sources */,
				B7EE464F1D7078D500520FBB /* UIImage+GIF.m in Sources */,
				B7EE464C1D7078D500520FBB /* SDWebImageManager.m in Sources */,
				B7A64AF41D599E2F000C9C05 /* TimeLineViewController.m in Sources */,
				B7C046801D597C240029D2D6 /* User.m in Sources */,
				B7B86B6E1D58817000170278 /* main.m in Sources */,
				B7A64AF81D599EB3000C9C05 /* UserViewController.m in Sources */,
				B7ADBBE21D59C6CE000245BF /* AFHTTPSessionManager.m in Sources */,
				B7A64AFB1D599EE7000C9C05 /* MessageViewController.m in Sources */,
				B7B86B8C1D5881C400170278 /* MASCompositeConstraint.m in Sources */,
				B7ADBBE71D59C6CE000245BF /* AFURLSessionManager.m in Sources */,
				B7B86B941D5881C400170278 /* View+MASAdditions.m in Sources */,
				B7EE46541D7078D500520FBB /* UIView+WebCacheOperation.m in Sources */,
				B7EE46571D707FF800520FBB /* Tweet.m in Sources */,
				B7C0467B1D597B680029D2D6 /* ZQTabBarController.m in Sources */,
				B7EE46451D7078D500520FBB /* MKAnnotationView+WebCache.m in Sources */,
				B7EE46531D7078D500520FBB /* UIImageView+WebCache.m in Sources */,
				B7ADBBE61D59C6CE000245BF /* AFURLResponseSerialization.m in Sources */,
				B7ADBBE51D59C6CE000245BF /* AFURLRequestSerialization.m in Sources */,
				B7EE465D1D7092F600520FBB /* TweetComposeController.m in Sources */,
				B78D86521D59D71400E16311 /* Account.m in Sources */,
				B7EE464A1D7078D500520FBB /* SDWebImageDownloader.m in Sources */,
				B7B86B921D5881C400170278 /* NSArray+MASAdditions.m in Sources */,
				B7EE46461D7078D500520FBB /* NSData+ImageContentType.m in Sources */,
				B7B86B8F1D5881C400170278 /* MASLayoutConstraint.m in Sources */,
				B7B86B6C1D58817000170278 /* AppDelegate.m in Sources */,
				B7EE464E1D7078D500520FBB /* UIButton+WebCache.m in Sources */,
				B7ADBBE31D59C6CE000245BF /* AFNetworkReachabilityManager.m in Sources */,
				B7B86B911D5881C400170278 /* MASViewConstraint.m in Sources */,
			);
			runOnlyForDeploymentPostprocessing = 0;
		};
		B7B86B461D58804200170278 /* Sources */ = {
			isa = PBXSourcesBuildPhase;
			buildActionMask = 2147483647;
			files = (
				B7B86B4F1D58804200170278 /* TweeboTests.m in Sources */,
			);
			runOnlyForDeploymentPostprocessing = 0;
		};
		B7B86B511D58804200170278 /* Sources */ = {
			isa = PBXSourcesBuildPhase;
			buildActionMask = 2147483647;
			files = (
				B7B86B5A1D58804200170278 /* TweeboUITests.m in Sources */,
			);
			runOnlyForDeploymentPostprocessing = 0;
		};
/* End PBXSourcesBuildPhase section */

/* Begin PBXTargetDependency section */
		B7B86B4C1D58804200170278 /* PBXTargetDependency */ = {
			isa = PBXTargetDependency;
			target = B7B86B361D58804200170278 /* Tweebo */;
			targetProxy = B7B86B4B1D58804200170278 /* PBXContainerItemProxy */;
		};
		B7B86B571D58804200170278 /* PBXTargetDependency */ = {
			isa = PBXTargetDependency;
			target = B7B86B361D58804200170278 /* Tweebo */;
			targetProxy = B7B86B561D58804200170278 /* PBXContainerItemProxy */;
		};
/* End PBXTargetDependency section */

/* Begin XCBuildConfiguration section */
		B7B86B5C1D58804200170278 /* Debug */ = {
			isa = XCBuildConfiguration;
			buildSettings = {
				ALWAYS_SEARCH_USER_PATHS = NO;
				CLANG_ANALYZER_NONNULL = YES;
				CLANG_CXX_LANGUAGE_STANDARD = "gnu++0x";
				CLANG_CXX_LIBRARY = "libc++";
				CLANG_ENABLE_MODULES = YES;
				CLANG_ENABLE_OBJC_ARC = YES;
				CLANG_WARN_BOOL_CONVERSION = YES;
				CLANG_WARN_CONSTANT_CONVERSION = YES;
				CLANG_WARN_DIRECT_OBJC_ISA_USAGE = YES_ERROR;
				CLANG_WARN_EMPTY_BODY = YES;
				CLANG_WARN_ENUM_CONVERSION = YES;
				CLANG_WARN_INT_CONVERSION = YES;
				CLANG_WARN_OBJC_ROOT_CLASS = YES_ERROR;
				CLANG_WARN_UNREACHABLE_CODE = YES;
				CLANG_WARN__DUPLICATE_METHOD_MATCH = YES;
				"CODE_SIGN_IDENTITY[sdk=iphoneos*]" = "iPhone Developer";
				COPY_PHASE_STRIP = NO;
				DEBUG_INFORMATION_FORMAT = dwarf;
				ENABLE_STRICT_OBJC_MSGSEND = YES;
				ENABLE_TESTABILITY = YES;
				GCC_C_LANGUAGE_STANDARD = gnu99;
				GCC_DYNAMIC_NO_PIC = NO;
				GCC_NO_COMMON_BLOCKS = YES;
				GCC_OPTIMIZATION_LEVEL = 0;
				GCC_PREPROCESSOR_DEFINITIONS = (
					"DEBUG=1",
					"$(inherited)",
				);
				GCC_WARN_64_TO_32_BIT_CONVERSION = YES;
				GCC_WARN_ABOUT_RETURN_TYPE = YES_ERROR;
				GCC_WARN_UNDECLARED_SELECTOR = YES;
				GCC_WARN_UNINITIALIZED_AUTOS = YES_AGGRESSIVE;
				GCC_WARN_UNUSED_FUNCTION = YES;
				GCC_WARN_UNUSED_VARIABLE = YES;
				IPHONEOS_DEPLOYMENT_TARGET = 9.3;
				MTL_ENABLE_DEBUG_INFO = YES;
				ONLY_ACTIVE_ARCH = YES;
				SDKROOT = iphoneos;
			};
			name = Debug;
		};
		B7B86B5D1D58804200170278 /* Release */ = {
			isa = XCBuildConfiguration;
			buildSettings = {
				ALWAYS_SEARCH_USER_PATHS = NO;
				CLANG_ANALYZER_NONNULL = YES;
				CLANG_CXX_LANGUAGE_STANDARD = "gnu++0x";
				CLANG_CXX_LIBRARY = "libc++";
				CLANG_ENABLE_MODULES = YES;
				CLANG_ENABLE_OBJC_ARC = YES;
				CLANG_WARN_BOOL_CONVERSION = YES;
				CLANG_WARN_CONSTANT_CONVERSION = YES;
				CLANG_WARN_DIRECT_OBJC_ISA_USAGE = YES_ERROR;
				CLANG_WARN_EMPTY_BODY = YES;
				CLANG_WARN_ENUM_CONVERSION = YES;
				CLANG_WARN_INT_CONVERSION = YES;
				CLANG_WARN_OBJC_ROOT_CLASS = YES_ERROR;
				CLANG_WARN_UNREACHABLE_CODE = YES;
				CLANG_WARN__DUPLICATE_METHOD_MATCH = YES;
				"CODE_SIGN_IDENTITY[sdk=iphoneos*]" = "iPhone Developer";
				COPY_PHASE_STRIP = NO;
				DEBUG_INFORMATION_FORMAT = "dwarf-with-dsym";
				ENABLE_NS_ASSERTIONS = NO;
				ENABLE_STRICT_OBJC_MSGSEND = YES;
				GCC_C_LANGUAGE_STANDARD = gnu99;
				GCC_NO_COMMON_BLOCKS = YES;
				GCC_WARN_64_TO_32_BIT_CONVERSION = YES;
				GCC_WARN_ABOUT_RETURN_TYPE = YES_ERROR;
				GCC_WARN_UNDECLARED_SELECTOR = YES;
				GCC_WARN_UNINITIALIZED_AUTOS = YES_AGGRESSIVE;
				GCC_WARN_UNUSED_FUNCTION = YES;
				GCC_WARN_UNUSED_VARIABLE = YES;
				IPHONEOS_DEPLOYMENT_TARGET = 9.3;
				MTL_ENABLE_DEBUG_INFO = NO;
				SDKROOT = iphoneos;
				VALIDATE_PRODUCT = YES;
			};
			name = Release;
		};
		B7B86B5F1D58804200170278 /* Debug */ = {
			isa = XCBuildConfiguration;
			buildSettings = {
				ASSETCATALOG_COMPILER_APPICON_NAME = AppIcon;
				ASSETCATALOG_COMPILER_LAUNCHIMAGE_NAME = "Launch Screen";
				INFOPLIST_FILE = "$(SRCROOT)/Tweebo/Supporting Files/Info.plist";
				LD_RUNPATH_SEARCH_PATHS = "$(inherited) @executable_path/Frameworks";
				PRODUCT_BUNDLE_IDENTIFIER = Jonny.Tweebo;
				PRODUCT_NAME = "$(TARGET_NAME)";
			};
			name = Debug;
		};
		B7B86B601D58804200170278 /* Release */ = {
			isa = XCBuildConfiguration;
			buildSettings = {
				ASSETCATALOG_COMPILER_APPICON_NAME = AppIcon;
				ASSETCATALOG_COMPILER_LAUNCHIMAGE_NAME = "Launch Screen";
				INFOPLIST_FILE = "$(SRCROOT)/Tweebo/Supporting Files/Info.plist";
				LD_RUNPATH_SEARCH_PATHS = "$(inherited) @executable_path/Frameworks";
				PRODUCT_BUNDLE_IDENTIFIER = Jonny.Tweebo;
				PRODUCT_NAME = "$(TARGET_NAME)";
			};
			name = Release;
		};
		B7B86B621D58804200170278 /* Debug */ = {
			isa = XCBuildConfiguration;
			buildSettings = {
				BUNDLE_LOADER = "$(TEST_HOST)";
				INFOPLIST_FILE = TweeboTests/Info.plist;
				LD_RUNPATH_SEARCH_PATHS = "$(inherited) @executable_path/Frameworks @loader_path/Frameworks";
				PRODUCT_BUNDLE_IDENTIFIER = Jonny.TweeboTests;
				PRODUCT_NAME = "$(TARGET_NAME)";
				TEST_HOST = "$(BUILT_PRODUCTS_DIR)/Tweebo.app/Tweebo";
			};
			name = Debug;
		};
		B7B86B631D58804200170278 /* Release */ = {
			isa = XCBuildConfiguration;
			buildSettings = {
				BUNDLE_LOADER = "$(TEST_HOST)";
				INFOPLIST_FILE = TweeboTests/Info.plist;
				LD_RUNPATH_SEARCH_PATHS = "$(inherited) @executable_path/Frameworks @loader_path/Frameworks";
				PRODUCT_BUNDLE_IDENTIFIER = Jonny.TweeboTests;
				PRODUCT_NAME = "$(TARGET_NAME)";
				TEST_HOST = "$(BUILT_PRODUCTS_DIR)/Tweebo.app/Tweebo";
			};
			name = Release;
		};
		B7B86B651D58804200170278 /* Debug */ = {
			isa = XCBuildConfiguration;
			buildSettings = {
				INFOPLIST_FILE = TweeboUITests/Info.plist;
				LD_RUNPATH_SEARCH_PATHS = "$(inherited) @executable_path/Frameworks @loader_path/Frameworks";
				PRODUCT_BUNDLE_IDENTIFIER = Jonny.TweeboUITests;
				PRODUCT_NAME = "$(TARGET_NAME)";
				TEST_TARGET_NAME = Tweebo;
			};
			name = Debug;
		};
		B7B86B661D58804200170278 /* Release */ = {
			isa = XCBuildConfiguration;
			buildSettings = {
				INFOPLIST_FILE = TweeboUITests/Info.plist;
				LD_RUNPATH_SEARCH_PATHS = "$(inherited) @executable_path/Frameworks @loader_path/Frameworks";
				PRODUCT_BUNDLE_IDENTIFIER = Jonny.TweeboUITests;
				PRODUCT_NAME = "$(TARGET_NAME)";
				TEST_TARGET_NAME = Tweebo;
			};
			name = Release;
		};
/* End XCBuildConfiguration section */

/* Begin XCConfigurationList section */
		B7B86B321D58804200170278 /* Build configuration list for PBXProject "Tweebo" */ = {
			isa = XCConfigurationList;
			buildConfigurations = (
				B7B86B5C1D58804200170278 /* Debug */,
				B7B86B5D1D58804200170278 /* Release */,
			);
			defaultConfigurationIsVisible = 0;
			defaultConfigurationName = Release;
		};
		B7B86B5E1D58804200170278 /* Build configuration list for PBXNativeTarget "Tweebo" */ = {
			isa = XCConfigurationList;
			buildConfigurations = (
				B7B86B5F1D58804200170278 /* Debug */,
				B7B86B601D58804200170278 /* Release */,
			);
			defaultConfigurationIsVisible = 0;
			defaultConfigurationName = Release;
		};
		B7B86B611D58804200170278 /* Build configuration list for PBXNativeTarget "TweeboTests" */ = {
			isa = XCConfigurationList;
			buildConfigurations = (
				B7B86B621D58804200170278 /* Debug */,
				B7B86B631D58804200170278 /* Release */,
			);
			defaultConfigurationIsVisible = 0;
			defaultConfigurationName = Release;
		};
		B7B86B641D58804200170278 /* Build configuration list for PBXNativeTarget "TweeboUITests" */ = {
			isa = XCConfigurationList;
			buildConfigurations = (
				B7B86B651D58804200170278 /* Debug */,
				B7B86B661D58804200170278 /* Release */,
			);
			defaultConfigurationIsVisible = 0;
			defaultConfigurationName = Release;
		};
/* End XCConfigurationList section */
	};
	rootObject = B7B86B2F1D58804200170278 /* Project object */;
}
