// !$*UTF8*$!
{
	archiveVersion = 1;
	classes = {
	};
	objectVersion = 46;
	objects = {

/* Begin PBXBuildFile section */
		B7B86B411D58804200170278 /* Assets.xcassets in Resources */ = {isa = PBXBuildFile; fileRef = B7B86B401D58804200170278 /* Assets.xcassets */; };
		B7B86B4F1D58804200170278 /* TweeboTests.m in Sources */ = {isa = PBXBuildFile; fileRef = B7B86B4E1D58804200170278 /* TweeboTests.m */; };
		B7B86B5A1D58804200170278 /* TweeboUITests.m in Sources */ = {isa = PBXBuildFile; fileRef = B7B86B591D58804200170278 /* TweeboUITests.m */; };
		B7B86B6C1D58817000170278 /* AppDelegate.m in Sources */ = {isa = PBXBuildFile; fileRef = B7B86B691D58817000170278 /* AppDelegate.m */; };
		B7B86B6D1D58817000170278 /* Info.plist in Resources */ = {isa = PBXBuildFile; fileRef = B7B86B6A1D58817000170278 /* Info.plist */; };
		B7B86B6E1D58817000170278 /* main.m in Sources */ = {isa = PBXBuildFile; fileRef = B7B86B6B1D58817000170278 /* main.m */; };
		B7B86B8B1D5881C400170278 /* Info.plist in Resources */ = {isa = PBXBuildFile; fileRef = B7B86B711D5881C400170278 /* Info.plist */; };
		B7B86B8C1D5881C400170278 /* MASCompositeConstraint.m in Sources */ = {isa = PBXBuildFile; fileRef = B7B86B731D5881C400170278 /* MASCompositeConstraint.m */; };
		B7B86B8D1D5881C400170278 /* MASConstraint.m in Sources */ = {isa = PBXBuildFile; fileRef = B7B86B761D5881C400170278 /* MASConstraint.m */; };
		B7B86B8E1D5881C400170278 /* MASConstraintMaker.m in Sources */ = {isa = PBXBuildFile; fileRef = B7B86B781D5881C400170278 /* MASConstraintMaker.m */; };
		B7B86B8F1D5881C400170278 /* MASLayoutConstraint.m in Sources */ = {isa = PBXBuildFile; fileRef = B7B86B7A1D5881C400170278 /* MASLayoutConstraint.m */; };
		B7B86B901D5881C400170278 /* MASViewAttribute.m in Sources */ = {isa = PBXBuildFile; fileRef = B7B86B7E1D5881C400170278 /* MASViewAttribute.m */; };
		B7B86B911D5881C400170278 /* MASViewConstraint.m in Sources */ = {isa = PBXBuildFile; fileRef = B7B86B801D5881C400170278 /* MASViewConstraint.m */; };
		B7B86B921D5881C400170278 /* NSArray+MASAdditions.m in Sources */ = {isa = PBXBuildFile; fileRef = B7B86B821D5881C400170278 /* NSArray+MASAdditions.m */; };
		B7B86B931D5881C400170278 /* NSLayoutConstraint+MASDebugAdditions.m in Sources */ = {isa = PBXBuildFile; fileRef = B7B86B851D5881C400170278 /* NSLayoutConstraint+MASDebugAdditions.m */; };
		B7B86B941D5881C400170278 /* View+MASAdditions.m in Sources */ = {isa = PBXBuildFile; fileRef = B7B86B871D5881C400170278 /* View+MASAdditions.m */; };
		B7B86B951D5881C400170278 /* ViewController+MASAdditions.m in Sources */ = {isa = PBXBuildFile; fileRef = B7B86B8A1D5881C400170278 /* ViewController+MASAdditions.m */; };
/* End PBXBuildFile section */

/* Begin PBXContainerItemProxy section */
		B7B86B4B1D58804200170278 /* PBXContainerItemProxy */ = {
			isa = PBXContainerItemProxy;
			containerPortal = B7B86B2F1D58804200170278 /* Project object */;
			proxyType = 1;
			remoteGlobalIDString = B7B86B361D58804200170278;
			remoteInfo = Tweebo;
		};
		B7B86B561D58804200170278 /* PBXContainerItemProxy */ = {
			isa = PBXContainerItemProxy;
			containerPortal = B7B86B2F1D58804200170278 /* Project object */;
			proxyType = 1;
			remoteGlobalIDString = B7B86B361D58804200170278;
			remoteInfo = Tweebo;
		};
/* End PBXContainerItemProxy section */

/* Begin PBXFileReference section */
		B7B86B371D58804200170278 /* Tweebo.app */ = {isa = PBXFileReference; explicitFileType = wrapper.application; includeInIndex = 0; path = Tweebo.app; sourceTree = BUILT_PRODUCTS_DIR; };
		B7B86B401D58804200170278 /* Assets.xcassets */ = {isa = PBXFileReference; lastKnownFileType = folder.assetcatalog; path = Assets.xcassets; sourceTree = "<group>"; };
		B7B86B4A1D58804200170278 /* TweeboTests.xctest */ = {isa = PBXFileReference; explicitFileType = wrapper.cfbundle; includeInIndex = 0; path = TweeboTests.xctest; sourceTree = BUILT_PRODUCTS_DIR; };
		B7B86B4E1D58804200170278 /* TweeboTests.m */ = {isa = PBXFileReference; lastKnownFileType = sourcecode.c.objc; path = TweeboTests.m; sourceTree = "<group>"; };
		B7B86B501D58804200170278 /* Info.plist */ = {isa = PBXFileReference; lastKnownFileType = text.plist.xml; path = Info.plist; sourceTree = "<group>"; };
		B7B86B551D58804200170278 /* TweeboUITests.xctest */ = {isa = PBXFileReference; explicitFileType = wrapper.cfbundle; includeInIndex = 0; path = TweeboUITests.xctest; sourceTree = BUILT_PRODUCTS_DIR; };
		B7B86B591D58804200170278 /* TweeboUITests.m */ = {isa = PBXFileReference; lastKnownFileType = sourcecode.c.objc; path = TweeboUITests.m; sourceTree = "<group>"; };
		B7B86B5B1D58804200170278 /* Info.plist */ = {isa = PBXFileReference; lastKnownFileType = text.plist.xml; path = Info.plist; sourceTree = "<group>"; };
		B7B86B681D58817000170278 /* AppDelegate.h */ = {isa = PBXFileReference; fileEncoding = 4; lastKnownFileType = sourcecode.c.h; path = AppDelegate.h; sourceTree = "<group>"; };
		B7B86B691D58817000170278 /* AppDelegate.m */ = {isa = PBXFileReference; fileEncoding = 4; lastKnownFileType = sourcecode.c.objc; path = AppDelegate.m; sourceTree = "<group>"; };
		B7B86B6A1D58817000170278 /* Info.plist */ = {isa = PBXFileReference; fileEncoding = 4; lastKnownFileType = text.plist.xml; path = Info.plist; sourceTree = "<group>"; };
		B7B86B6B1D58817000170278 /* main.m */ = {isa = PBXFileReference; fileEncoding = 4; lastKnownFileType = sourcecode.c.objc; path = main.m; sourceTree = "<group>"; };
		B7B86B711D5881C400170278 /* Info.plist */ = {isa = PBXFileReference; fileEncoding = 4; lastKnownFileType = text.plist.xml; path = Info.plist; sourceTree = "<group>"; };
		B7B86B721D5881C400170278 /* MASCompositeConstraint.h */ = {isa = PBXFileReference; fileEncoding = 4; lastKnownFileType = sourcecode.c.h; path = MASCompositeConstraint.h; sourceTree = "<group>"; };
		B7B86B731D5881C400170278 /* MASCompositeConstraint.m */ = {isa = PBXFileReference; fileEncoding = 4; lastKnownFileType = sourcecode.c.objc; path = MASCompositeConstraint.m; sourceTree = "<group>"; };
		B7B86B741D5881C400170278 /* MASConstraint+Private.h */ = {isa = PBXFileReference; fileEncoding = 4; lastKnownFileType = sourcecode.c.h; path = "MASConstraint+Private.h"; sourceTree = "<group>"; };
		B7B86B751D5881C400170278 /* MASConstraint.h */ = {isa = PBXFileReference; fileEncoding = 4; lastKnownFileType = sourcecode.c.h; path = MASConstraint.h; sourceTree = "<group>"; };
		B7B86B761D5881C400170278 /* MASConstraint.m */ = {isa = PBXFileReference; fileEncoding = 4; lastKnownFileType = sourcecode.c.objc; path = MASConstraint.m; sourceTree = "<group>"; };
		B7B86B771D5881C400170278 /* MASConstraintMaker.h */ = {isa = PBXFileReference; fileEncoding = 4; lastKnownFileType = sourcecode.c.h; path = MASConstraintMaker.h; sourceTree = "<group>"; };
		B7B86B781D5881C400170278 /* MASConstraintMaker.m */ = {isa = PBXFileReference; fileEncoding = 4; lastKnownFileType = sourcecode.c.objc; path = MASConstraintMaker.m; sourceTree = "<group>"; };
		B7B86B791D5881C400170278 /* MASLayoutConstraint.h */ = {isa = PBXFileReference; fileEncoding = 4; lastKnownFileType = sourcecode.c.h; path = MASLayoutConstraint.h; sourceTree = "<group>"; };
		B7B86B7A1D5881C400170278 /* MASLayoutConstraint.m */ = {isa = PBXFileReference; fileEncoding = 4; lastKnownFileType = sourcecode.c.objc; path = MASLayoutConstraint.m; sourceTree = "<group>"; };
		B7B86B7B1D5881C400170278 /* Masonry.h */ = {isa = PBXFileReference; fileEncoding = 4; lastKnownFileType = sourcecode.c.h; path = Masonry.h; sourceTree = "<group>"; };
		B7B86B7C1D5881C400170278 /* MASUtilities.h */ = {isa = PBXFileReference; fileEncoding = 4; lastKnownFileType = sourcecode.c.h; path = MASUtilities.h; sourceTree = "<group>"; };
		B7B86B7D1D5881C400170278 /* MASViewAttribute.h */ = {isa = PBXFileReference; fileEncoding = 4; lastKnownFileType = sourcecode.c.h; path = MASViewAttribute.h; sourceTree = "<group>"; };
		B7B86B7E1D5881C400170278 /* MASViewAttribute.m */ = {isa = PBXFileReference; fileEncoding = 4; lastKnownFileType = sourcecode.c.objc; path = MASViewAttribute.m; sourceTree = "<group>"; };
		B7B86B7F1D5881C400170278 /* MASViewConstraint.h */ = {isa = PBXFileReference; fileEncoding = 4; lastKnownFileType = sourcecode.c.h; path = MASViewConstraint.h; sourceTree = "<group>"; };
		B7B86B801D5881C400170278 /* MASViewConstraint.m */ = {isa = PBXFileReference; fileEncoding = 4; lastKnownFileType = sourcecode.c.objc; path = MASViewConstraint.m; sourceTree = "<group>"; };
		B7B86B811D5881C400170278 /* NSArray+MASAdditions.h */ = {isa = PBXFileReference; fileEncoding = 4; lastKnownFileType = sourcecode.c.h; path = "NSArray+MASAdditions.h"; sourceTree = "<group>"; };
		B7B86B821D5881C400170278 /* NSArray+MASAdditions.m */ = {isa = PBXFileReference; fileEncoding = 4; lastKnownFileType = sourcecode.c.objc; path = "NSArray+MASAdditions.m"; sourceTree = "<group>"; };
		B7B86B831D5881C400170278 /* NSArray+MASShorthandAdditions.h */ = {isa = PBXFileReference; fileEncoding = 4; lastKnownFileType = sourcecode.c.h; path = "NSArray+MASShorthandAdditions.h"; sourceTree = "<group>"; };
		B7B86B841D5881C400170278 /* NSLayoutConstraint+MASDebugAdditions.h */ = {isa = PBXFileReference; fileEncoding = 4; lastKnownFileType = sourcecode.c.h; path = "NSLayoutConstraint+MASDebugAdditions.h"; sourceTree = "<group>"; };
		B7B86B851D5881C400170278 /* NSLayoutConstraint+MASDebugAdditions.m */ = {isa = PBXFileReference; fileEncoding = 4; lastKnownFileType = sourcecode.c.objc; path = "NSLayoutConstraint+MASDebugAdditions.m"; sourceTree = "<group>"; };
		B7B86B861D5881C400170278 /* View+MASAdditions.h */ = {isa = PBXFileReference; fileEncoding = 4; lastKnownFileType = sourcecode.c.h; path = "View+MASAdditions.h"; sourceTree = "<group>"; };
		B7B86B871D5881C400170278 /* View+MASAdditions.m */ = {isa = PBXFileReference; fileEncoding = 4; lastKnownFileType = sourcecode.c.objc; path = "View+MASAdditions.m"; sourceTree = "<group>"; };
		B7B86B881D5881C400170278 /* View+MASShorthandAdditions.h */ = {isa = PBXFileReference; fileEncoding = 4; lastKnownFileType = sourcecode.c.h; path = "View+MASShorthandAdditions.h"; sourceTree = "<group>"; };
		B7B86B891D5881C400170278 /* ViewController+MASAdditions.h */ = {isa = PBXFileReference; fileEncoding = 4; lastKnownFileType = sourcecode.c.h; path = "ViewController+MASAdditions.h"; sourceTree = "<group>"; };
		B7B86B8A1D5881C400170278 /* ViewController+MASAdditions.m */ = {isa = PBXFileReference; fileEncoding = 4; lastKnownFileType = sourcecode.c.objc; path = "ViewController+MASAdditions.m"; sourceTree = "<group>"; };
/* End PBXFileReference section */

/* Begin PBXFrameworksBuildPhase section */
		B7B86B341D58804200170278 /* Frameworks */ = {
			isa = PBXFrameworksBuildPhase;
			buildActionMask = 2147483647;
			files = (
			);
			runOnlyForDeploymentPostprocessing = 0;
		};
		B7B86B471D58804200170278 /* Frameworks */ = {
			isa = PBXFrameworksBuildPhase;
			buildActionMask = 2147483647;
			files = (
			);
			runOnlyForDeploymentPostprocessing = 0;
		};
		B7B86B521D58804200170278 /* Frameworks */ = {
			isa = PBXFrameworksBuildPhase;
			buildActionMask = 2147483647;
			files = (
			);
			runOnlyForDeploymentPostprocessing = 0;
		};
/* End PBXFrameworksBuildPhase section */

/* Begin PBXGroup section */
		B7B86B2E1D58804200170278 = {
			isa = PBXGroup;
			children = (
				B7B86B391D58804200170278 /* Tweebo */,
				B7B86B4D1D58804200170278 /* TweeboTests */,
				B7B86B581D58804200170278 /* TweeboUITests */,
				B7B86B381D58804200170278 /* Products */,
			);
			sourceTree = "<group>";
		};
		B7B86B381D58804200170278 /* Products */ = {
			isa = PBXGroup;
			children = (
				B7B86B371D58804200170278 /* Tweebo.app */,
				B7B86B4A1D58804200170278 /* TweeboTests.xctest */,
				B7B86B551D58804200170278 /* TweeboUITests.xctest */,
			);
			name = Products;
			sourceTree = "<group>";
		};
		B7B86B391D58804200170278 /* Tweebo */ = {
			isa = PBXGroup;
			children = (
				B7B86B6F1D5881C400170278 /* Extra Library */,
				B7B86B671D58817000170278 /* Supporting Files */,
				B7B86B401D58804200170278 /* Assets.xcassets */,
			);
			path = Tweebo;
			sourceTree = "<group>";
		};
		B7B86B4D1D58804200170278 /* TweeboTests */ = {
			isa = PBXGroup;
			children = (
				B7B86B4E1D58804200170278 /* TweeboTests.m */,
				B7B86B501D58804200170278 /* Info.plist */,
			);
			path = TweeboTests;
			sourceTree = "<group>";
		};
		B7B86B581D58804200170278 /* TweeboUITests */ = {
			isa = PBXGroup;
			children = (
				B7B86B591D58804200170278 /* TweeboUITests.m */,
				B7B86B5B1D58804200170278 /* Info.plist */,
			);
			path = TweeboUITests;
			sourceTree = "<group>";
		};
		B7B86B671D58817000170278 /* Supporting Files */ = {
			isa = PBXGroup;
			children = (
				B7B86B681D58817000170278 /* AppDelegate.h */,
				B7B86B691D58817000170278 /* AppDelegate.m */,
				B7B86B6A1D58817000170278 /* Info.plist */,
				B7B86B6B1D58817000170278 /* main.m */,
			);
			path = "Supporting Files";
			sourceTree = "<group>";
		};
		B7B86B6F1D5881C400170278 /* Extra Library */ = {
			isa = PBXGroup;
			children = (
				B7B86B701D5881C400170278 /* Masonry */,
			);
			path = "Extra Library";
			sourceTree = "<group>";
		};
		B7B86B701D5881C400170278 /* Masonry */ = {
			isa = PBXGroup;
			children = (
				B7B86B711D5881C400170278 /* Info.plist */,
				B7B86B721D5881C400170278 /* MASCompositeConstraint.h */,
				B7B86B731D5881C400170278 /* MASCompositeConstraint.m */,
				B7B86B741D5881C400170278 /* MASConstraint+Private.h */,
				B7B86B751D5881C400170278 /* MASConstraint.h */,
				B7B86B761D5881C400170278 /* MASConstraint.m */,
				B7B86B771D5881C400170278 /* MASConstraintMaker.h */,
				B7B86B781D5881C400170278 /* MASConstraintMaker.m */,
				B7B86B791D5881C400170278 /* MASLayoutConstraint.h */,
				B7B86B7A1D5881C400170278 /* MASLayoutConstraint.m */,
				B7B86B7B1D5881C400170278 /* Masonry.h */,
				B7B86B7C1D5881C400170278 /* MASUtilities.h */,
				B7B86B7D1D5881C400170278 /* MASViewAttribute.h */,
				B7B86B7E1D5881C400170278 /* MASViewAttribute.m */,
				B7B86B7F1D5881C400170278 /* MASViewConstraint.h */,
				B7B86B801D5881C400170278 /* MASViewConstraint.m */,
				B7B86B811D5881C400170278 /* NSArray+MASAdditions.h */,
				B7B86B821D5881C400170278 /* NSArray+MASAdditions.m */,
				B7B86B831D5881C400170278 /* NSArray+MASShorthandAdditions.h */,
				B7B86B841D5881C400170278 /* NSLayoutConstraint+MASDebugAdditions.h */,
				B7B86B851D5881C400170278 /* NSLayoutConstraint+MASDebugAdditions.m */,
				B7B86B861D5881C400170278 /* View+MASAdditions.h */,
				B7B86B871D5881C400170278 /* View+MASAdditions.m */,
				B7B86B881D5881C400170278 /* View+MASShorthandAdditions.h */,
				B7B86B891D5881C400170278 /* ViewController+MASAdditions.h */,
				B7B86B8A1D5881C400170278 /* ViewController+MASAdditions.m */,
			);
			path = Masonry;
			sourceTree = "<group>";
		};
/* End PBXGroup section */

/* Begin PBXNativeTarget section */
		B7B86B361D58804200170278 /* Tweebo */ = {
			isa = PBXNativeTarget;
			buildConfigurationList = B7B86B5E1D58804200170278 /* Build configuration list for PBXNativeTarget "Tweebo" */;
			buildPhases = (
				B7B86B331D58804200170278 /* Sources */,
				B7B86B341D58804200170278 /* Frameworks */,
				B7B86B351D58804200170278 /* Resources */,
			);
			buildRules = (
			);
			dependencies = (
			);
			name = Tweebo;
			productName = Tweebo;
			productReference = B7B86B371D58804200170278 /* Tweebo.app */;
			productType = "com.apple.product-type.application";
		};
		B7B86B491D58804200170278 /* TweeboTests */ = {
			isa = PBXNativeTarget;
			buildConfigurationList = B7B86B611D58804200170278 /* Build configuration list for PBXNativeTarget "TweeboTests" */;
			buildPhases = (
				B7B86B461D58804200170278 /* Sources */,
				B7B86B471D58804200170278 /* Frameworks */,
				B7B86B481D58804200170278 /* Resources */,
			);
			buildRules = (
			);
			dependencies = (
				B7B86B4C1D58804200170278 /* PBXTargetDependency */,
			);
			name = TweeboTests;
			productName = TweeboTests;
			productReference = B7B86B4A1D58804200170278 /* TweeboTests.xctest */;
			productType = "com.apple.product-type.bundle.unit-test";
		};
		B7B86B541D58804200170278 /* TweeboUITests */ = {
			isa = PBXNativeTarget;
			buildConfigurationList = B7B86B641D58804200170278 /* Build configuration list for PBXNativeTarget "TweeboUITests" */;
			buildPhases = (
				B7B86B511D58804200170278 /* Sources */,
				B7B86B521D58804200170278 /* Frameworks */,
				B7B86B531D58804200170278 /* Resources */,
			);
			buildRules = (
			);
			dependencies = (
				B7B86B571D58804200170278 /* PBXTargetDependency */,
			);
			name = TweeboUITests;
			productName = TweeboUITests;
			productReference = B7B86B551D58804200170278 /* TweeboUITests.xctest */;
			productType = "com.apple.product-type.bundle.ui-testing";
		};
/* End PBXNativeTarget section */

/* Begin PBXProject section */
		B7B86B2F1D58804200170278 /* Project object */ = {
			isa = PBXProject;
			attributes = {
				LastUpgradeCheck = 0730;
				ORGANIZATIONNAME = Zen;
				TargetAttributes = {
					B7B86B361D58804200170278 = {
						CreatedOnToolsVersion = 7.3.1;
						DevelopmentTeam = LKBBW6G7D5;
					};
					B7B86B491D58804200170278 = {
						CreatedOnToolsVersion = 7.3.1;
						DevelopmentTeam = LKBBW6G7D5;
						TestTargetID = B7B86B361D58804200170278;
					};
					B7B86B541D58804200170278 = {
						CreatedOnToolsVersion = 7.3.1;
						DevelopmentTeam = LKBBW6G7D5;
						TestTargetID = B7B86B361D58804200170278;
					};
				};
			};
			buildConfigurationList = B7B86B321D58804200170278 /* Build configuration list for PBXProject "Tweebo" */;
			compatibilityVersion = "Xcode 3.2";
			developmentRegion = English;
			hasScannedForEncodings = 0;
			knownRegions = (
				en,
				Base,
			);
			mainGroup = B7B86B2E1D58804200170278;
			productRefGroup = B7B86B381D58804200170278 /* Products */;
			projectDirPath = "";
			projectRoot = "";
			targets = (
				B7B86B361D58804200170278 /* Tweebo */,
				B7B86B491D58804200170278 /* TweeboTests */,
				B7B86B541D58804200170278 /* TweeboUITests */,
			);
		};
/* End PBXProject section */

/* Begin PBXResourcesBuildPhase section */
		B7B86B351D58804200170278 /* Resources */ = {
			isa = PBXResourcesBuildPhase;
			buildActionMask = 2147483647;
			files = (
				B7B86B6D1D58817000170278 /* Info.plist in Resources */,
				B7B86B411D58804200170278 /* Assets.xcassets in Resources */,
				B7B86B8B1D5881C400170278 /* Info.plist in Resources */,
			);
			runOnlyForDeploymentPostprocessing = 0;
		};
		B7B86B481D58804200170278 /* Resources */ = {
			isa = PBXResourcesBuildPhase;
			buildActionMask = 2147483647;
			files = (
			);
			runOnlyForDeploymentPostprocessing = 0;
		};
		B7B86B531D58804200170278 /* Resources */ = {
			isa = PBXResourcesBuildPhase;
			buildActionMask = 2147483647;
			files = (
			);
			runOnlyForDeploymentPostprocessing = 0;
		};
/* End PBXResourcesBuildPhase section */

/* Begin PBXSourcesBuildPhase section */
		B7B86B331D58804200170278 /* Sources */ = {
			isa = PBXSourcesBuildPhase;
			buildActionMask = 2147483647;
			files = (
				B7B86B8D1D5881C400170278 /* MASConstraint.m in Sources */,
				B7B86B901D5881C400170278 /* MASViewAttribute.m in Sources */,
				B7B86B951D5881C400170278 /* ViewController+MASAdditions.m in Sources */,
				B7B86B8E1D5881C400170278 /* MASConstraintMaker.m in Sources */,
				B7B86B931D5881C400170278 /* NSLayoutConstraint+MASDebugAdditions.m in Sources */,
				B7B86B6E1D58817000170278 /* main.m in Sources */,
				B7B86B8C1D5881C400170278 /* MASCompositeConstraint.m in Sources */,
				B7B86B941D5881C400170278 /* View+MASAdditions.m in Sources */,
				B7B86B921D5881C400170278 /* NSArray+MASAdditions.m in Sources */,
				B7B86B8F1D5881C400170278 /* MASLayoutConstraint.m in Sources */,
				B7B86B6C1D58817000170278 /* AppDelegate.m in Sources */,
				B7B86B911D5881C400170278 /* MASViewConstraint.m in Sources */,
			);
			runOnlyForDeploymentPostprocessing = 0;
		};
		B7B86B461D58804200170278 /* Sources */ = {
			isa = PBXSourcesBuildPhase;
			buildActionMask = 2147483647;
			files = (
				B7B86B4F1D58804200170278 /* TweeboTests.m in Sources */,
			);
			runOnlyForDeploymentPostprocessing = 0;
		};
		B7B86B511D58804200170278 /* Sources */ = {
			isa = PBXSourcesBuildPhase;
			buildActionMask = 2147483647;
			files = (
				B7B86B5A1D58804200170278 /* TweeboUITests.m in Sources */,
			);
			runOnlyForDeploymentPostprocessing = 0;
		};
/* End PBXSourcesBuildPhase section */

/* Begin PBXTargetDependency section */
		B7B86B4C1D58804200170278 /* PBXTargetDependency */ = {
			isa = PBXTargetDependency;
			target = B7B86B361D58804200170278 /* Tweebo */;
			targetProxy = B7B86B4B1D58804200170278 /* PBXContainerItemProxy */;
		};
		B7B86B571D58804200170278 /* PBXTargetDependency */ = {
			isa = PBXTargetDependency;
			target = B7B86B361D58804200170278 /* Tweebo */;
			targetProxy = B7B86B561D58804200170278 /* PBXContainerItemProxy */;
		};
/* End PBXTargetDependency section */

/* Begin XCBuildConfiguration section */
		B7B86B5C1D58804200170278 /* Debug */ = {
			isa = XCBuildConfiguration;
			buildSettings = {
				ALWAYS_SEARCH_USER_PATHS = NO;
				CLANG_ANALYZER_NONNULL = YES;
				CLANG_CXX_LANGUAGE_STANDARD = "gnu++0x";
				CLANG_CXX_LIBRARY = "libc++";
				CLANG_ENABLE_MODULES = YES;
				CLANG_ENABLE_OBJC_ARC = YES;
				CLANG_WARN_BOOL_CONVERSION = YES;
				CLANG_WARN_CONSTANT_CONVERSION = YES;
				CLANG_WARN_DIRECT_OBJC_ISA_USAGE = YES_ERROR;
				CLANG_WARN_EMPTY_BODY = YES;
				CLANG_WARN_ENUM_CONVERSION = YES;
				CLANG_WARN_INT_CONVERSION = YES;
				CLANG_WARN_OBJC_ROOT_CLASS = YES_ERROR;
				CLANG_WARN_UNREACHABLE_CODE = YES;
				CLANG_WARN__DUPLICATE_METHOD_MATCH = YES;
				"CODE_SIGN_IDENTITY[sdk=iphoneos*]" = "iPhone Developer";
				COPY_PHASE_STRIP = NO;
				DEBUG_INFORMATION_FORMAT = dwarf;
				ENABLE_STRICT_OBJC_MSGSEND = YES;
				ENABLE_TESTABILITY = YES;
				GCC_C_LANGUAGE_STANDARD = gnu99;
				GCC_DYNAMIC_NO_PIC = NO;
				GCC_NO_COMMON_BLOCKS = YES;
				GCC_OPTIMIZATION_LEVEL = 0;
				GCC_PREPROCESSOR_DEFINITIONS = (
					"DEBUG=1",
					"$(inherited)",
				);
				GCC_WARN_64_TO_32_BIT_CONVERSION = YES;
				GCC_WARN_ABOUT_RETURN_TYPE = YES_ERROR;
				GCC_WARN_UNDECLARED_SELECTOR = YES;
				GCC_WARN_UNINITIALIZED_AUTOS = YES_AGGRESSIVE;
				GCC_WARN_UNUSED_FUNCTION = YES;
				GCC_WARN_UNUSED_VARIABLE = YES;
				IPHONEOS_DEPLOYMENT_TARGET = 9.3;
				MTL_ENABLE_DEBUG_INFO = YES;
				ONLY_ACTIVE_ARCH = YES;
				SDKROOT = iphoneos;
			};
			name = Debug;
		};
		B7B86B5D1D58804200170278 /* Release */ = {
			isa = XCBuildConfiguration;
			buildSettings = {
				ALWAYS_SEARCH_USER_PATHS = NO;
				CLANG_ANALYZER_NONNULL = YES;
				CLANG_CXX_LANGUAGE_STANDARD = "gnu++0x";
				CLANG_CXX_LIBRARY = "libc++";
				CLANG_ENABLE_MODULES = YES;
				CLANG_ENABLE_OBJC_ARC = YES;
				CLANG_WARN_BOOL_CONVERSION = YES;
				CLANG_WARN_CONSTANT_CONVERSION = YES;
				CLANG_WARN_DIRECT_OBJC_ISA_USAGE = YES_ERROR;
				CLANG_WARN_EMPTY_BODY = YES;
				CLANG_WARN_ENUM_CONVERSION = YES;
				CLANG_WARN_INT_CONVERSION = YES;
				CLANG_WARN_OBJC_ROOT_CLASS = YES_ERROR;
				CLANG_WARN_UNREACHABLE_CODE = YES;
				CLANG_WARN__DUPLICATE_METHOD_MATCH = YES;
				"CODE_SIGN_IDENTITY[sdk=iphoneos*]" = "iPhone Developer";
				COPY_PHASE_STRIP = NO;
				DEBUG_INFORMATION_FORMAT = "dwarf-with-dsym";
				ENABLE_NS_ASSERTIONS = NO;
				ENABLE_STRICT_OBJC_MSGSEND = YES;
				GCC_C_LANGUAGE_STANDARD = gnu99;
				GCC_NO_COMMON_BLOCKS = YES;
				GCC_WARN_64_TO_32_BIT_CONVERSION = YES;
				GCC_WARN_ABOUT_RETURN_TYPE = YES_ERROR;
				GCC_WARN_UNDECLARED_SELECTOR = YES;
				GCC_WARN_UNINITIALIZED_AUTOS = YES_AGGRESSIVE;
				GCC_WARN_UNUSED_FUNCTION = YES;
				GCC_WARN_UNUSED_VARIABLE = YES;
				IPHONEOS_DEPLOYMENT_TARGET = 9.3;
				MTL_ENABLE_DEBUG_INFO = NO;
				SDKROOT = iphoneos;
				VALIDATE_PRODUCT = YES;
			};
			name = Release;
		};
		B7B86B5F1D58804200170278 /* Debug */ = {
			isa = XCBuildConfiguration;
			buildSettings = {
				ASSETCATALOG_COMPILER_APPICON_NAME = AppIcon;
				INFOPLIST_FILE = Tweebo/Info.plist;
				LD_RUNPATH_SEARCH_PATHS = "$(inherited) @executable_path/Frameworks";
				PRODUCT_BUNDLE_IDENTIFIER = Jonny.Tweebo;
				PRODUCT_NAME = "$(TARGET_NAME)";
			};
			name = Debug;
		};
		B7B86B601D58804200170278 /* Release */ = {
			isa = XCBuildConfiguration;
			buildSettings = {
				ASSETCATALOG_COMPILER_APPICON_NAME = AppIcon;
				INFOPLIST_FILE = Tweebo/Info.plist;
				LD_RUNPATH_SEARCH_PATHS = "$(inherited) @executable_path/Frameworks";
				PRODUCT_BUNDLE_IDENTIFIER = Jonny.Tweebo;
				PRODUCT_NAME = "$(TARGET_NAME)";
			};
			name = Release;
		};
		B7B86B621D58804200170278 /* Debug */ = {
			isa = XCBuildConfiguration;
			buildSettings = {
				BUNDLE_LOADER = "$(TEST_HOST)";
				INFOPLIST_FILE = TweeboTests/Info.plist;
				LD_RUNPATH_SEARCH_PATHS = "$(inherited) @executable_path/Frameworks @loader_path/Frameworks";
				PRODUCT_BUNDLE_IDENTIFIER = Jonny.TweeboTests;
				PRODUCT_NAME = "$(TARGET_NAME)";
				TEST_HOST = "$(BUILT_PRODUCTS_DIR)/Tweebo.app/Tweebo";
			};
			name = Debug;
		};
		B7B86B631D58804200170278 /* Release */ = {
			isa = XCBuildConfiguration;
			buildSettings = {
				BUNDLE_LOADER = "$(TEST_HOST)";
				INFOPLIST_FILE = TweeboTests/Info.plist;
				LD_RUNPATH_SEARCH_PATHS = "$(inherited) @executable_path/Frameworks @loader_path/Frameworks";
				PRODUCT_BUNDLE_IDENTIFIER = Jonny.TweeboTests;
				PRODUCT_NAME = "$(TARGET_NAME)";
				TEST_HOST = "$(BUILT_PRODUCTS_DIR)/Tweebo.app/Tweebo";
			};
			name = Release;
		};
		B7B86B651D58804200170278 /* Debug */ = {
			isa = XCBuildConfiguration;
			buildSettings = {
				INFOPLIST_FILE = TweeboUITests/Info.plist;
				LD_RUNPATH_SEARCH_PATHS = "$(inherited) @executable_path/Frameworks @loader_path/Frameworks";
				PRODUCT_BUNDLE_IDENTIFIER = Jonny.TweeboUITests;
				PRODUCT_NAME = "$(TARGET_NAME)";
				TEST_TARGET_NAME = Tweebo;
			};
			name = Debug;
		};
		B7B86B661D58804200170278 /* Release */ = {
			isa = XCBuildConfiguration;
			buildSettings = {
				INFOPLIST_FILE = TweeboUITests/Info.plist;
				LD_RUNPATH_SEARCH_PATHS = "$(inherited) @executable_path/Frameworks @loader_path/Frameworks";
				PRODUCT_BUNDLE_IDENTIFIER = Jonny.TweeboUITests;
				PRODUCT_NAME = "$(TARGET_NAME)";
				TEST_TARGET_NAME = Tweebo;
			};
			name = Release;
		};
/* End XCBuildConfiguration section */

/* Begin XCConfigurationList section */
		B7B86B321D58804200170278 /* Build configuration list for PBXProject "Tweebo" */ = {
			isa = XCConfigurationList;
			buildConfigurations = (
				B7B86B5C1D58804200170278 /* Debug */,
				B7B86B5D1D58804200170278 /* Release */,
			);
			defaultConfigurationIsVisible = 0;
			defaultConfigurationName = Release;
		};
		B7B86B5E1D58804200170278 /* Build configuration list for PBXNativeTarget "Tweebo" */ = {
			isa = XCConfigurationList;
			buildConfigurations = (
				B7B86B5F1D58804200170278 /* Debug */,
				B7B86B601D58804200170278 /* Release */,
			);
			defaultConfigurationIsVisible = 0;
		};
		B7B86B611D58804200170278 /* Build configuration list for PBXNativeTarget "TweeboTests" */ = {
			isa = XCConfigurationList;
			buildConfigurations = (
				B7B86B621D58804200170278 /* Debug */,
				B7B86B631D58804200170278 /* Release */,
			);
			defaultConfigurationIsVisible = 0;
		};
		B7B86B641D58804200170278 /* Build configuration list for PBXNativeTarget "TweeboUITests" */ = {
			isa = XCConfigurationList;
			buildConfigurations = (
				B7B86B651D58804200170278 /* Debug */,
				B7B86B661D58804200170278 /* Release */,
			);
			defaultConfigurationIsVisible = 0;
		};
/* End XCConfigurationList section */
	};
	rootObject = B7B86B2F1D58804200170278 /* Project object */;
}
